
Microsoft Visual Studio Solution File, Format Version 12.00
# Visual Studio 15
VisualStudioVersion = 15.0.26730.10
MinimumVisualStudioVersion = 10.0.40219.1

Project("{D954291E-2A0B-460D-934E-DC6B0785DB48}") = "Mobile_App_Xamarin.Forms_Master_Detail_Shared", "Mobile_App_Xamarin.Forms_Master_Detail_Shared\Mobile_App_Xamarin.Forms_Master_Detail_Shared\Mobile_App_Xamarin.Forms_Master_Detail_Shared.shproj", "{934FF75E-DCBB-48EB-AC63-A77F3BA639EA}"
EndProject


Project("{FAE04EC0-301F-11D3-BF4B-00C04F79EFBC}") = "Mobile_App_Xamarin.Forms_Master_Detail_Shared.iOS", "Mobile_App_Xamarin.Forms_Master_Detail_Shared\Mobile_App_Xamarin.Forms_Master_Detail_Shared.iOS\Mobile_App_Xamarin.Forms_Master_Detail_Shared.iOS.csproj", "{24EC5EF6-CABA-476C-9C66-E4C33804D3D5}"
EndProject

Project("{FAE04EC0-301F-11D3-BF4B-00C04F79EFBC}") = "Mobile_App_Xamarin.Forms_Master_Detail_Shared.Android", "Mobile_App_Xamarin.Forms_Master_Detail_Shared\Mobile_App_Xamarin.Forms_Master_Detail_Shared.Android\Mobile_App_Xamarin.Forms_Master_Detail_Shared.Android.csproj", "{AC81E991-8A23-454C-8990-97F5FFFCD97E}"
EndProject

Project("{FAE04EC0-301F-11D3-BF4B-00C04F79EFBC}") = "Mobile_App_Xamarin.Forms_Master_Detail_Shared.UWP", "Mobile_App_Xamarin.Forms_Master_Detail_Shared\Mobile_App_Xamarin.Forms_Master_Detail_Shared.UWP\Mobile_App_Xamarin.Forms_Master_Detail_Shared.UWP.csproj", "{579625C6-F680-445E-B745-AEE0919BB61C}"
EndProject


Global
	GlobalSection(SolutionConfigurationPlatforms) = preSolution
		Ad-Hoc|Any CPU = Ad-Hoc|Any CPU
		Ad-Hoc|ARM = Ad-Hoc|ARM
		Ad-Hoc|iPhone = Ad-Hoc|iPhone
		Ad-Hoc|iPhoneSimulator = Ad-Hoc|iPhoneSimulator
		Ad-Hoc|x64 = Ad-Hoc|x64
		Ad-Hoc|x86 = Ad-Hoc|x86
		AppStore|Any CPU = AppStore|Any CPU
		AppStore|ARM = AppStore|ARM
		AppStore|iPhone = AppStore|iPhone
		AppStore|iPhoneSimulator = AppStore|iPhoneSimulator
		AppStore|x64 = AppStore|x64
		AppStore|x86 = AppStore|x86
		Debug|Any CPU = Debug|Any CPU
		Debug|ARM = Debug|ARM
		Debug|iPhone = Debug|iPhone
		Debug|iPhoneSimulator = Debug|iPhoneSimulator
		Debug|x64 = Debug|x64
		Debug|x86 = Debug|x86
		Release|Any CPU = Release|Any CPU
		Release|ARM = Release|ARM
		Release|iPhone = Release|iPhone
		Release|iPhoneSimulator = Release|iPhoneSimulator
		Release|x64 = Release|x64
		Release|x86 = Release|x86
	EndGlobalSection
	GlobalSection(ProjectConfigurationPlatforms) = postSolution
		{A9E64D4D-0F30-47E7-8076-B62732E436FA}.Ad-Hoc|Any CPU.ActiveCfg = Debug|Any CPU
		{A9E64D4D-0F30-47E7-8076-B62732E436FA}.Ad-Hoc|Any CPU.Build.0 = Debug|Any CPU
		{A9E64D4D-0F30-47E7-8076-B62732E436FA}.Ad-Hoc|ARM.ActiveCfg = Debug|Any CPU
		{A9E64D4D-0F30-47E7-8076-B62732E436FA}.Ad-Hoc|ARM.Build.0 = Debug|Any CPU
		{A9E64D4D-0F30-47E7-8076-B62732E436FA}.Ad-Hoc|iPhone.ActiveCfg = Debug|Any CPU
		{A9E64D4D-0F30-47E7-8076-B62732E436FA}.Ad-Hoc|iPhone.Build.0 = Debug|Any CPU
		{A9E64D4D-0F30-47E7-8076-B62732E436FA}.Ad-Hoc|iPhoneSimulator.ActiveCfg = Debug|Any CPU
		{A9E64D4D-0F30-47E7-8076-B62732E436FA}.Ad-Hoc|iPhoneSimulator.Build.0 = Debug|Any CPU
		{A9E64D4D-0F30-47E7-8076-B62732E436FA}.Ad-Hoc|x64.ActiveCfg = Debug|Any CPU
		{A9E64D4D-0F30-47E7-8076-B62732E436FA}.Ad-Hoc|x64.Build.0 = Debug|Any CPU
		{A9E64D4D-0F30-47E7-8076-B62732E436FA}.Ad-Hoc|x86.ActiveCfg = Debug|Any CPU
		{A9E64D4D-0F30-47E7-8076-B62732E436FA}.Ad-Hoc|x86.Build.0 = Debug|Any CPU
		{A9E64D4D-0F30-47E7-8076-B62732E436FA}.AppStore|Any CPU.ActiveCfg = Debug|Any CPU
		{A9E64D4D-0F30-47E7-8076-B62732E436FA}.AppStore|Any CPU.Build.0 = Debug|Any CPU
		{A9E64D4D-0F30-47E7-8076-B62732E436FA}.AppStore|ARM.ActiveCfg = Debug|Any CPU
		{A9E64D4D-0F30-47E7-8076-B62732E436FA}.AppStore|ARM.Build.0 = Debug|Any CPU
		{A9E64D4D-0F30-47E7-8076-B62732E436FA}.AppStore|iPhone.ActiveCfg = Debug|Any CPU
		{A9E64D4D-0F30-47E7-8076-B62732E436FA}.AppStore|iPhone.Build.0 = Debug|Any CPU
		{A9E64D4D-0F30-47E7-8076-B62732E436FA}.AppStore|iPhoneSimulator.ActiveCfg = Debug|Any CPU
		{A9E64D4D-0F30-47E7-8076-B62732E436FA}.AppStore|iPhoneSimulator.Build.0 = Debug|Any CPU
		{A9E64D4D-0F30-47E7-8076-B62732E436FA}.AppStore|x64.ActiveCfg = Debug|Any CPU
		{A9E64D4D-0F30-47E7-8076-B62732E436FA}.AppStore|x64.Build.0 = Debug|Any CPU
		{A9E64D4D-0F30-47E7-8076-B62732E436FA}.AppStore|x86.ActiveCfg = Debug|Any CPU
		{A9E64D4D-0F30-47E7-8076-B62732E436FA}.AppStore|x86.Build.0 = Debug|Any CPU
		{A9E64D4D-0F30-47E7-8076-B62732E436FA}.Debug|Any CPU.ActiveCfg = Debug|Any CPU
		{A9E64D4D-0F30-47E7-8076-B62732E436FA}.Debug|Any CPU.Build.0 = Debug|Any CPU
		{A9E64D4D-0F30-47E7-8076-B62732E436FA}.Debug|ARM.ActiveCfg = Debug|Any CPU
		{A9E64D4D-0F30-47E7-8076-B62732E436FA}.Debug|ARM.Build.0 = Debug|Any CPU
		{A9E64D4D-0F30-47E7-8076-B62732E436FA}.Debug|iPhone.ActiveCfg = Debug|Any CPU
		{A9E64D4D-0F30-47E7-8076-B62732E436FA}.Debug|iPhone.Build.0 = Debug|Any CPU
		{A9E64D4D-0F30-47E7-8076-B62732E436FA}.Debug|iPhoneSimulator.ActiveCfg = Debug|Any CPU
		{A9E64D4D-0F30-47E7-8076-B62732E436FA}.Debug|iPhoneSimulator.Build.0 = Debug|Any CPU
		{A9E64D4D-0F30-47E7-8076-B62732E436FA}.Debug|x64.ActiveCfg = Debug|Any CPU
		{A9E64D4D-0F30-47E7-8076-B62732E436FA}.Debug|x64.Build.0 = Debug|Any CPU
		{A9E64D4D-0F30-47E7-8076-B62732E436FA}.Debug|x86.ActiveCfg = Debug|Any CPU
		{A9E64D4D-0F30-47E7-8076-B62732E436FA}.Debug|x86.Build.0 = Debug|Any CPU
		{A9E64D4D-0F30-47E7-8076-B62732E436FA}.Release|Any CPU.ActiveCfg = Release|Any CPU
		{A9E64D4D-0F30-47E7-8076-B62732E436FA}.Release|Any CPU.Build.0 = Release|Any CPU
		{A9E64D4D-0F30-47E7-8076-B62732E436FA}.Release|ARM.ActiveCfg = Release|Any CPU
		{A9E64D4D-0F30-47E7-8076-B62732E436FA}.Release|ARM.Build.0 = Release|Any CPU
		{A9E64D4D-0F30-47E7-8076-B62732E436FA}.Release|iPhone.ActiveCfg = Release|Any CPU
		{A9E64D4D-0F30-47E7-8076-B62732E436FA}.Release|iPhone.Build.0 = Release|Any CPU
		{A9E64D4D-0F30-47E7-8076-B62732E436FA}.Release|iPhoneSimulator.ActiveCfg = Release|Any CPU
		{A9E64D4D-0F30-47E7-8076-B62732E436FA}.Release|iPhoneSimulator.Build.0 = Release|Any CPU
		{A9E64D4D-0F30-47E7-8076-B62732E436FA}.Release|x64.ActiveCfg = Release|Any CPU
		{A9E64D4D-0F30-47E7-8076-B62732E436FA}.Release|x64.Build.0 = Release|Any CPU
		{A9E64D4D-0F30-47E7-8076-B62732E436FA}.Release|x86.ActiveCfg = Release|Any CPU
		{A9E64D4D-0F30-47E7-8076-B62732E436FA}.Release|x86.Build.0 = Release|Any CPU
		{24EC5EF6-CABA-476C-9C66-E4C33804D3D5}.Ad-Hoc|Any CPU.ActiveCfg = Ad-Hoc|iPhone
		{24EC5EF6-CABA-476C-9C66-E4C33804D3D5}.Ad-Hoc|ARM.ActiveCfg = Ad-Hoc|iPhone
		{24EC5EF6-CABA-476C-9C66-E4C33804D3D5}.Ad-Hoc|iPhone.ActiveCfg = Ad-Hoc|iPhone
		{24EC5EF6-CABA-476C-9C66-E4C33804D3D5}.Ad-Hoc|iPhone.Build.0 = Ad-Hoc|iPhone
		{24EC5EF6-CABA-476C-9C66-E4C33804D3D5}.Ad-Hoc|iPhoneSimulator.ActiveCfg = Ad-Hoc|iPhoneSimulator
		{24EC5EF6-CABA-476C-9C66-E4C33804D3D5}.Ad-Hoc|iPhoneSimulator.Build.0 = Ad-Hoc|iPhoneSimulator
		{24EC5EF6-CABA-476C-9C66-E4C33804D3D5}.Ad-Hoc|x64.ActiveCfg = Ad-Hoc|iPhone
		{24EC5EF6-CABA-476C-9C66-E4C33804D3D5}.Ad-Hoc|x86.ActiveCfg = Ad-Hoc|iPhone
		{24EC5EF6-CABA-476C-9C66-E4C33804D3D5}.AppStore|Any CPU.ActiveCfg = AppStore|iPhone
		{24EC5EF6-CABA-476C-9C66-E4C33804D3D5}.AppStore|ARM.ActiveCfg = AppStore|iPhone
		{24EC5EF6-CABA-476C-9C66-E4C33804D3D5}.AppStore|iPhone.ActiveCfg = AppStore|iPhone
		{24EC5EF6-CABA-476C-9C66-E4C33804D3D5}.AppStore|iPhone.Build.0 = AppStore|iPhone
		{24EC5EF6-CABA-476C-9C66-E4C33804D3D5}.AppStore|iPhoneSimulator.ActiveCfg = AppStore|iPhoneSimulator
		{24EC5EF6-CABA-476C-9C66-E4C33804D3D5}.AppStore|iPhoneSimulator.Build.0 = AppStore|iPhoneSimulator
		{24EC5EF6-CABA-476C-9C66-E4C33804D3D5}.AppStore|x64.ActiveCfg = AppStore|iPhone
		{24EC5EF6-CABA-476C-9C66-E4C33804D3D5}.AppStore|x86.ActiveCfg = AppStore|iPhone
		{24EC5EF6-CABA-476C-9C66-E4C33804D3D5}.Debug|Any CPU.ActiveCfg = Debug|iPhone
		{24EC5EF6-CABA-476C-9C66-E4C33804D3D5}.Debug|ARM.ActiveCfg = Debug|iPhone
		{24EC5EF6-CABA-476C-9C66-E4C33804D3D5}.Debug|iPhone.ActiveCfg = Debug|iPhone
		{24EC5EF6-CABA-476C-9C66-E4C33804D3D5}.Debug|iPhone.Build.0 = Debug|iPhone
		{24EC5EF6-CABA-476C-9C66-E4C33804D3D5}.Debug|iPhoneSimulator.ActiveCfg = Debug|iPhoneSimulator
		{24EC5EF6-CABA-476C-9C66-E4C33804D3D5}.Debug|iPhoneSimulator.Build.0 = Debug|iPhoneSimulator
		{24EC5EF6-CABA-476C-9C66-E4C33804D3D5}.Debug|x64.ActiveCfg = Debug|iPhone
		{24EC5EF6-CABA-476C-9C66-E4C33804D3D5}.Debug|x86.ActiveCfg = Debug|iPhone
		{24EC5EF6-CABA-476C-9C66-E4C33804D3D5}.Release|Any CPU.ActiveCfg = Release|iPhone
		{24EC5EF6-CABA-476C-9C66-E4C33804D3D5}.Release|ARM.ActiveCfg = Release|iPhone
		{24EC5EF6-CABA-476C-9C66-E4C33804D3D5}.Release|iPhone.ActiveCfg = Release|iPhone
		{24EC5EF6-CABA-476C-9C66-E4C33804D3D5}.Release|iPhone.Build.0 = Release|iPhone
		{24EC5EF6-CABA-476C-9C66-E4C33804D3D5}.Release|iPhoneSimulator.ActiveCfg = Release|iPhoneSimulator
		{24EC5EF6-CABA-476C-9C66-E4C33804D3D5}.Release|iPhoneSimulator.Build.0 = Release|iPhoneSimulator
		{24EC5EF6-CABA-476C-9C66-E4C33804D3D5}.Release|x64.ActiveCfg = Release|iPhone
		{24EC5EF6-CABA-476C-9C66-E4C33804D3D5}.Release|x86.ActiveCfg = Release|iPhone
		{AC81E991-8A23-454C-8990-97F5FFFCD97E}.Ad-Hoc|Any CPU.ActiveCfg = Release|Any CPU
		{AC81E991-8A23-454C-8990-97F5FFFCD97E}.Ad-Hoc|Any CPU.Build.0 = Release|Any CPU
		{AC81E991-8A23-454C-8990-97F5FFFCD97E}.Ad-Hoc|Any CPU.Deploy.0 = Release|Any CPU
		{AC81E991-8A23-454C-8990-97F5FFFCD97E}.Ad-Hoc|ARM.ActiveCfg = Release|Any CPU
		{AC81E991-8A23-454C-8990-97F5FFFCD97E}.Ad-Hoc|ARM.Build.0 = Release|Any CPU
		{AC81E991-8A23-454C-8990-97F5FFFCD97E}.Ad-Hoc|ARM.Deploy.0 = Release|Any CPU
		{AC81E991-8A23-454C-8990-97F5FFFCD97E}.Ad-Hoc|iPhone.ActiveCfg = Release|Any CPU
		{AC81E991-8A23-454C-8990-97F5FFFCD97E}.Ad-Hoc|iPhone.Build.0 = Release|Any CPU
		{AC81E991-8A23-454C-8990-97F5FFFCD97E}.Ad-Hoc|iPhone.Deploy.0 = Release|Any CPU
		{AC81E991-8A23-454C-8990-97F5FFFCD97E}.Ad-Hoc|iPhoneSimulator.ActiveCfg = Release|Any CPU
		{AC81E991-8A23-454C-8990-97F5FFFCD97E}.Ad-Hoc|iPhoneSimulator.Build.0 = Release|Any CPU
		{AC81E991-8A23-454C-8990-97F5FFFCD97E}.Ad-Hoc|iPhoneSimulator.Deploy.0 = Release|Any CPU
		{AC81E991-8A23-454C-8990-97F5FFFCD97E}.Ad-Hoc|x64.ActiveCfg = Release|Any CPU
		{AC81E991-8A23-454C-8990-97F5FFFCD97E}.Ad-Hoc|x64.Build.0 = Release|Any CPU
		{AC81E991-8A23-454C-8990-97F5FFFCD97E}.Ad-Hoc|x64.Deploy.0 = Release|Any CPU
		{AC81E991-8A23-454C-8990-97F5FFFCD97E}.Ad-Hoc|x86.ActiveCfg = Release|Any CPU
		{AC81E991-8A23-454C-8990-97F5FFFCD97E}.Ad-Hoc|x86.Build.0 = Release|Any CPU
		{AC81E991-8A23-454C-8990-97F5FFFCD97E}.Ad-Hoc|x86.Deploy.0 = Release|Any CPU
		{AC81E991-8A23-454C-8990-97F5FFFCD97E}.AppStore|Any CPU.ActiveCfg = Release|Any CPU
		{AC81E991-8A23-454C-8990-97F5FFFCD97E}.AppStore|Any CPU.Build.0 = Release|Any CPU
		{AC81E991-8A23-454C-8990-97F5FFFCD97E}.AppStore|Any CPU.Deploy.0 = Release|Any CPU
		{AC81E991-8A23-454C-8990-97F5FFFCD97E}.AppStore|ARM.ActiveCfg = Release|Any CPU
		{AC81E991-8A23-454C-8990-97F5FFFCD97E}.AppStore|ARM.Build.0 = Release|Any CPU
		{AC81E991-8A23-454C-8990-97F5FFFCD97E}.AppStore|ARM.Deploy.0 = Release|Any CPU
		{AC81E991-8A23-454C-8990-97F5FFFCD97E}.AppStore|iPhone.ActiveCfg = Release|Any CPU
		{AC81E991-8A23-454C-8990-97F5FFFCD97E}.AppStore|iPhone.Build.0 = Release|Any CPU
		{AC81E991-8A23-454C-8990-97F5FFFCD97E}.AppStore|iPhone.Deploy.0 = Release|Any CPU
		{AC81E991-8A23-454C-8990-97F5FFFCD97E}.AppStore|iPhoneSimulator.ActiveCfg = Release|Any CPU
		{AC81E991-8A23-454C-8990-97F5FFFCD97E}.AppStore|iPhoneSimulator.Build.0 = Release|Any CPU
		{AC81E991-8A23-454C-8990-97F5FFFCD97E}.AppStore|iPhoneSimulator.Deploy.0 = Release|Any CPU
		{AC81E991-8A23-454C-8990-97F5FFFCD97E}.AppStore|x64.ActiveCfg = Release|Any CPU
		{AC81E991-8A23-454C-8990-97F5FFFCD97E}.AppStore|x64.Build.0 = Release|Any CPU
		{AC81E991-8A23-454C-8990-97F5FFFCD97E}.AppStore|x64.Deploy.0 = Release|Any CPU
		{AC81E991-8A23-454C-8990-97F5FFFCD97E}.AppStore|x86.ActiveCfg = Release|Any CPU
		{AC81E991-8A23-454C-8990-97F5FFFCD97E}.AppStore|x86.Build.0 = Release|Any CPU
		{AC81E991-8A23-454C-8990-97F5FFFCD97E}.AppStore|x86.Deploy.0 = Release|Any CPU
		{AC81E991-8A23-454C-8990-97F5FFFCD97E}.Debug|Any CPU.ActiveCfg = Debug|Any CPU
		{AC81E991-8A23-454C-8990-97F5FFFCD97E}.Debug|Any CPU.Build.0 = Debug|Any CPU
		{AC81E991-8A23-454C-8990-97F5FFFCD97E}.Debug|Any CPU.Deploy.0 = Debug|Any CPU
		{AC81E991-8A23-454C-8990-97F5FFFCD97E}.Debug|ARM.ActiveCfg = Debug|Any CPU
		{AC81E991-8A23-454C-8990-97F5FFFCD97E}.Debug|ARM.Build.0 = Debug|Any CPU
		{AC81E991-8A23-454C-8990-97F5FFFCD97E}.Debug|ARM.Deploy.0 = Debug|Any CPU
		{AC81E991-8A23-454C-8990-97F5FFFCD97E}.Debug|iPhone.ActiveCfg = Debug|Any CPU
		{AC81E991-8A23-454C-8990-97F5FFFCD97E}.Debug|iPhone.Build.0 = Debug|Any CPU
		{AC81E991-8A23-454C-8990-97F5FFFCD97E}.Debug|iPhone.Deploy.0 = Debug|Any CPU
		{AC81E991-8A23-454C-8990-97F5FFFCD97E}.Debug|iPhoneSimulator.ActiveCfg = Debug|Any CPU
		{AC81E991-8A23-454C-8990-97F5FFFCD97E}.Debug|iPhoneSimulator.Build.0 = Debug|Any CPU
		{AC81E991-8A23-454C-8990-97F5FFFCD97E}.Debug|iPhoneSimulator.Deploy.0 = Debug|Any CPU
		{AC81E991-8A23-454C-8990-97F5FFFCD97E}.Debug|x64.ActiveCfg = Debug|Any CPU
		{AC81E991-8A23-454C-8990-97F5FFFCD97E}.Debug|x64.Build.0 = Debug|Any CPU
		{AC81E991-8A23-454C-8990-97F5FFFCD97E}.Debug|x64.Deploy.0 = Debug|Any CPU
		{AC81E991-8A23-454C-8990-97F5FFFCD97E}.Debug|x86.ActiveCfg = Debug|Any CPU
		{AC81E991-8A23-454C-8990-97F5FFFCD97E}.Debug|x86.Build.0 = Debug|Any CPU
		{AC81E991-8A23-454C-8990-97F5FFFCD97E}.Debug|x86.Deploy.0 = Debug|Any CPU
		{AC81E991-8A23-454C-8990-97F5FFFCD97E}.Release|Any CPU.ActiveCfg = Release|Any CPU
		{AC81E991-8A23-454C-8990-97F5FFFCD97E}.Release|Any CPU.Build.0 = Release|Any CPU
		{AC81E991-8A23-454C-8990-97F5FFFCD97E}.Release|Any CPU.Deploy.0 = Release|Any CPU
		{AC81E991-8A23-454C-8990-97F5FFFCD97E}.Release|ARM.ActiveCfg = Release|Any CPU
		{AC81E991-8A23-454C-8990-97F5FFFCD97E}.Release|ARM.Build.0 = Release|Any CPU
		{AC81E991-8A23-454C-8990-97F5FFFCD97E}.Release|ARM.Deploy.0 = Release|Any CPU
		{AC81E991-8A23-454C-8990-97F5FFFCD97E}.Release|iPhone.ActiveCfg = Release|Any CPU
		{AC81E991-8A23-454C-8990-97F5FFFCD97E}.Release|iPhone.Build.0 = Release|Any CPU
		{AC81E991-8A23-454C-8990-97F5FFFCD97E}.Release|iPhone.Deploy.0 = Release|Any CPU
		{AC81E991-8A23-454C-8990-97F5FFFCD97E}.Release|iPhoneSimulator.ActiveCfg = Release|Any CPU
		{AC81E991-8A23-454C-8990-97F5FFFCD97E}.Release|iPhoneSimulator.Build.0 = Release|Any CPU
		{AC81E991-8A23-454C-8990-97F5FFFCD97E}.Release|iPhoneSimulator.Deploy.0 = Release|Any CPU
		{AC81E991-8A23-454C-8990-97F5FFFCD97E}.Release|x64.ActiveCfg = Release|Any CPU
		{AC81E991-8A23-454C-8990-97F5FFFCD97E}.Release|x64.Build.0 = Release|Any CPU
		{AC81E991-8A23-454C-8990-97F5FFFCD97E}.Release|x64.Deploy.0 = Release|Any CPU
		{AC81E991-8A23-454C-8990-97F5FFFCD97E}.Release|x86.ActiveCfg = Release|Any CPU
		{AC81E991-8A23-454C-8990-97F5FFFCD97E}.Release|x86.Build.0 = Release|Any CPU
		{AC81E991-8A23-454C-8990-97F5FFFCD97E}.Release|x86.Deploy.0 = Release|Any CPU
		{579625C6-F680-445E-B745-AEE0919BB61C}.Ad-Hoc|Any CPU.ActiveCfg = Release|x86
		{579625C6-F680-445E-B745-AEE0919BB61C}.Ad-Hoc|Any CPU.Build.0 = Release|x86
		{579625C6-F680-445E-B745-AEE0919BB61C}.Ad-Hoc|Any CPU.Deploy.0 = Release|x86
		{579625C6-F680-445E-B745-AEE0919BB61C}.Ad-Hoc|ARM.ActiveCfg = Release|ARM
		{579625C6-F680-445E-B745-AEE0919BB61C}.Ad-Hoc|ARM.Build.0 = Release|ARM
		{579625C6-F680-445E-B745-AEE0919BB61C}.Ad-Hoc|ARM.Deploy.0 = Release|ARM
		{579625C6-F680-445E-B745-AEE0919BB61C}.Ad-Hoc|iPhone.ActiveCfg = Release|x86
		{579625C6-F680-445E-B745-AEE0919BB61C}.Ad-Hoc|iPhone.Build.0 = Release|x86
		{579625C6-F680-445E-B745-AEE0919BB61C}.Ad-Hoc|iPhone.Deploy.0 = Release|x86
		{579625C6-F680-445E-B745-AEE0919BB61C}.Ad-Hoc|iPhoneSimulator.ActiveCfg = Release|x86
		{579625C6-F680-445E-B745-AEE0919BB61C}.Ad-Hoc|iPhoneSimulator.Build.0 = Release|x86
		{579625C6-F680-445E-B745-AEE0919BB61C}.Ad-Hoc|iPhoneSimulator.Deploy.0 = Release|x86
		{579625C6-F680-445E-B745-AEE0919BB61C}.Ad-Hoc|x64.ActiveCfg = Release|x64
		{579625C6-F680-445E-B745-AEE0919BB61C}.Ad-Hoc|x64.Build.0 = Release|x64
		{579625C6-F680-445E-B745-AEE0919BB61C}.Ad-Hoc|x64.Deploy.0 = Release|x64
		{579625C6-F680-445E-B745-AEE0919BB61C}.Ad-Hoc|x86.ActiveCfg = Release|x86
		{579625C6-F680-445E-B745-AEE0919BB61C}.Ad-Hoc|x86.Build.0 = Release|x86
		{579625C6-F680-445E-B745-AEE0919BB61C}.Ad-Hoc|x86.Deploy.0 = Release|x86
		{579625C6-F680-445E-B745-AEE0919BB61C}.AppStore|Any CPU.ActiveCfg = Release|x86
		{579625C6-F680-445E-B745-AEE0919BB61C}.AppStore|Any CPU.Build.0 = Release|x86
		{579625C6-F680-445E-B745-AEE0919BB61C}.AppStore|Any CPU.Deploy.0 = Release|x86
		{579625C6-F680-445E-B745-AEE0919BB61C}.AppStore|ARM.ActiveCfg = Release|ARM
		{579625C6-F680-445E-B745-AEE0919BB61C}.AppStore|ARM.Build.0 = Release|ARM
		{579625C6-F680-445E-B745-AEE0919BB61C}.AppStore|ARM.Deploy.0 = Release|ARM
		{579625C6-F680-445E-B745-AEE0919BB61C}.AppStore|iPhone.ActiveCfg = Release|x86
		{579625C6-F680-445E-B745-AEE0919BB61C}.AppStore|iPhone.Build.0 = Release|x86
		{579625C6-F680-445E-B745-AEE0919BB61C}.AppStore|iPhone.Deploy.0 = Release|x86
		{579625C6-F680-445E-B745-AEE0919BB61C}.AppStore|iPhoneSimulator.ActiveCfg = Release|x86
		{579625C6-F680-445E-B745-AEE0919BB61C}.AppStore|iPhoneSimulator.Build.0 = Release|x86
		{579625C6-F680-445E-B745-AEE0919BB61C}.AppStore|iPhoneSimulator.Deploy.0 = Release|x86
		{579625C6-F680-445E-B745-AEE0919BB61C}.AppStore|x64.ActiveCfg = Release|x64
		{579625C6-F680-445E-B745-AEE0919BB61C}.AppStore|x64.Build.0 = Release|x64
		{579625C6-F680-445E-B745-AEE0919BB61C}.AppStore|x64.Deploy.0 = Release|x64
		{579625C6-F680-445E-B745-AEE0919BB61C}.AppStore|x86.ActiveCfg = Release|x86
		{579625C6-F680-445E-B745-AEE0919BB61C}.AppStore|x86.Build.0 = Release|x86
		{579625C6-F680-445E-B745-AEE0919BB61C}.AppStore|x86.Deploy.0 = Release|x86
		{579625C6-F680-445E-B745-AEE0919BB61C}.Debug|Any CPU.ActiveCfg = Debug|x86
		{579625C6-F680-445E-B745-AEE0919BB61C}.Debug|ARM.ActiveCfg = Debug|ARM
		{579625C6-F680-445E-B745-AEE0919BB61C}.Debug|ARM.Build.0 = Debug|ARM
		{579625C6-F680-445E-B745-AEE0919BB61C}.Debug|ARM.Deploy.0 = Debug|ARM
		{579625C6-F680-445E-B745-AEE0919BB61C}.Debug|iPhone.ActiveCfg = Debug|x86
		{579625C6-F680-445E-B745-AEE0919BB61C}.Debug|iPhoneSimulator.ActiveCfg = Debug|x86
		{579625C6-F680-445E-B745-AEE0919BB61C}.Debug|x64.ActiveCfg = Debug|x64
		{579625C6-F680-445E-B745-AEE0919BB61C}.Debug|x64.Build.0 = Debug|x64
		{579625C6-F680-445E-B745-AEE0919BB61C}.Debug|x64.Deploy.0 = Debug|x64
		{579625C6-F680-445E-B745-AEE0919BB61C}.Debug|x86.ActiveCfg = Debug|x86
		{579625C6-F680-445E-B745-AEE0919BB61C}.Debug|x86.Build.0 = Debug|x86
		{579625C6-F680-445E-B745-AEE0919BB61C}.Debug|x86.Deploy.0 = Debug|x86
		{579625C6-F680-445E-B745-AEE0919BB61C}.Release|Any CPU.ActiveCfg = Release|x86
		{579625C6-F680-445E-B745-AEE0919BB61C}.Release|ARM.ActiveCfg = Release|ARM
		{579625C6-F680-445E-B745-AEE0919BB61C}.Release|ARM.Build.0 = Release|ARM
		{579625C6-F680-445E-B745-AEE0919BB61C}.Release|ARM.Deploy.0 = Release|ARM
		{579625C6-F680-445E-B745-AEE0919BB61C}.Release|iPhone.ActiveCfg = Release|x86
		{579625C6-F680-445E-B745-AEE0919BB61C}.Release|iPhoneSimulator.ActiveCfg = Release|x86
		{579625C6-F680-445E-B745-AEE0919BB61C}.Release|x64.ActiveCfg = Release|x64
		{579625C6-F680-445E-B745-AEE0919BB61C}.Release|x64.Build.0 = Release|x64
		{579625C6-F680-445E-B745-AEE0919BB61C}.Release|x64.Deploy.0 = Release|x64
		{579625C6-F680-445E-B745-AEE0919BB61C}.Release|x86.ActiveCfg = Release|x86
		{579625C6-F680-445E-B745-AEE0919BB61C}.Release|x86.Build.0 = Release|x86
		{579625C6-F680-445E-B745-AEE0919BB61C}.Release|x86.Deploy.0 = Release|x86
	EndGlobalSection
	GlobalSection(SolutionProperties) = preSolution
		HideSolutionNode = FALSE
	EndGlobalSection
	GlobalSection(ExtensibilityGlobals) = postSolution
		SolutionGuid = {F6D05029-56B8-4E45-AF2D-0E76295DDBA2}
	EndGlobalSection
EndGlobal
