
Microsoft Visual Studio Solution File, Format Version 12.00
# Visual Studio 15
VisualStudioVersion = 15.0.26730.10
MinimumVisualStudioVersion = 10.0.40219.1


Project("{9A19103F-16F7-4668-BE54-9A1E7A4F7556}") = "Mobile_App_Xamarin.Forms_Blank_dotnet_Standard", "Mobile_App_Xamarin.Forms_Blank_dotnet_Standard\Mobile_App_Xamarin.Forms_Blank_dotnet_Standard\Mobile_App_Xamarin.Forms_Blank_dotnet_Standard.csproj", "{E9037321-9DE8-4F68-AA1D-AECFB44F3FB8}"
EndProject

Project("{FAE04EC0-301F-11D3-BF4B-00C04F79EFBC}") = "Mobile_App_Xamarin.Forms_Blank_dotnet_Standard.iOS", "Mobile_App_Xamarin.Forms_Blank_dotnet_Standard\Mobile_App_Xamarin.Forms_Blank_dotnet_Standard.iOS\Mobile_App_Xamarin.Forms_Blank_dotnet_Standard.iOS.csproj", "{B99FFAF3-6D4B-45BD-AED0-2CD83F61D349}"
EndProject


Project("{FAE04EC0-301F-11D3-BF4B-00C04F79EFBC}") = "Mobile_App_Xamarin.Forms_Blank_dotnet_Standard.Android", "Mobile_App_Xamarin.Forms_Blank_dotnet_Standard\Mobile_App_Xamarin.Forms_Blank_dotnet_Standard.Android\Mobile_App_Xamarin.Forms_Blank_dotnet_Standard.Android.csproj", "{9BAB0DA8-E47A-48B2-BE6C-94ADE62AB427}"
EndProject

Project("{FAE04EC0-301F-11D3-BF4B-00C04F79EFBC}") = "Mobile_App_Xamarin.Forms_Blank_dotnet_Standard.UWP", "Mobile_App_Xamarin.Forms_Blank_dotnet_Standard\Mobile_App_Xamarin.Forms_Blank_dotnet_Standard.UWP\Mobile_App_Xamarin.Forms_Blank_dotnet_Standard.UWP.csproj", "{2ACA28EB-D836-48BD-A073-8FC212349E00}"
EndProject

Global
	GlobalSection(SolutionConfigurationPlatforms) = preSolution
		Ad-Hoc|Any CPU = Ad-Hoc|Any CPU
		Ad-Hoc|ARM = Ad-Hoc|ARM
		Ad-Hoc|iPhone = Ad-Hoc|iPhone
		Ad-Hoc|iPhoneSimulator = Ad-Hoc|iPhoneSimulator
		Ad-Hoc|x64 = Ad-Hoc|x64
		Ad-Hoc|x86 = Ad-Hoc|x86
		AppStore|Any CPU = AppStore|Any CPU
		AppStore|ARM = AppStore|ARM
		AppStore|iPhone = AppStore|iPhone
		AppStore|iPhoneSimulator = AppStore|iPhoneSimulator
		AppStore|x64 = AppStore|x64
		AppStore|x86 = AppStore|x86
		Debug|Any CPU = Debug|Any CPU
		Debug|ARM = Debug|ARM
		Debug|iPhone = Debug|iPhone
		Debug|iPhoneSimulator = Debug|iPhoneSimulator
		Debug|x64 = Debug|x64
		Debug|x86 = Debug|x86
		Release|Any CPU = Release|Any CPU
		Release|ARM = Release|ARM
		Release|iPhone = Release|iPhone
		Release|iPhoneSimulator = Release|iPhoneSimulator
		Release|x64 = Release|x64
		Release|x86 = Release|x86
	EndGlobalSection
	GlobalSection(ProjectConfigurationPlatforms) = postSolution
		{E9037321-9DE8-4F68-AA1D-AECFB44F3FB8}.Ad-Hoc|Any CPU.ActiveCfg = Debug|Any CPU
		{E9037321-9DE8-4F68-AA1D-AECFB44F3FB8}.Ad-Hoc|Any CPU.Build.0 = Debug|Any CPU
		{E9037321-9DE8-4F68-AA1D-AECFB44F3FB8}.Ad-Hoc|ARM.ActiveCfg = Debug|Any CPU
		{E9037321-9DE8-4F68-AA1D-AECFB44F3FB8}.Ad-Hoc|ARM.Build.0 = Debug|Any CPU
		{E9037321-9DE8-4F68-AA1D-AECFB44F3FB8}.Ad-Hoc|iPhone.ActiveCfg = Debug|Any CPU
		{E9037321-9DE8-4F68-AA1D-AECFB44F3FB8}.Ad-Hoc|iPhone.Build.0 = Debug|Any CPU
		{E9037321-9DE8-4F68-AA1D-AECFB44F3FB8}.Ad-Hoc|iPhoneSimulator.ActiveCfg = Debug|Any CPU
		{E9037321-9DE8-4F68-AA1D-AECFB44F3FB8}.Ad-Hoc|iPhoneSimulator.Build.0 = Debug|Any CPU
		{E9037321-9DE8-4F68-AA1D-AECFB44F3FB8}.Ad-Hoc|x64.ActiveCfg = Debug|Any CPU
		{E9037321-9DE8-4F68-AA1D-AECFB44F3FB8}.Ad-Hoc|x64.Build.0 = Debug|Any CPU
		{E9037321-9DE8-4F68-AA1D-AECFB44F3FB8}.Ad-Hoc|x86.ActiveCfg = Debug|Any CPU
		{E9037321-9DE8-4F68-AA1D-AECFB44F3FB8}.Ad-Hoc|x86.Build.0 = Debug|Any CPU
		{E9037321-9DE8-4F68-AA1D-AECFB44F3FB8}.AppStore|Any CPU.ActiveCfg = Debug|Any CPU
		{E9037321-9DE8-4F68-AA1D-AECFB44F3FB8}.AppStore|Any CPU.Build.0 = Debug|Any CPU
		{E9037321-9DE8-4F68-AA1D-AECFB44F3FB8}.AppStore|ARM.ActiveCfg = Debug|Any CPU
		{E9037321-9DE8-4F68-AA1D-AECFB44F3FB8}.AppStore|ARM.Build.0 = Debug|Any CPU
		{E9037321-9DE8-4F68-AA1D-AECFB44F3FB8}.AppStore|iPhone.ActiveCfg = Debug|Any CPU
		{E9037321-9DE8-4F68-AA1D-AECFB44F3FB8}.AppStore|iPhone.Build.0 = Debug|Any CPU
		{E9037321-9DE8-4F68-AA1D-AECFB44F3FB8}.AppStore|iPhoneSimulator.ActiveCfg = Debug|Any CPU
		{E9037321-9DE8-4F68-AA1D-AECFB44F3FB8}.AppStore|iPhoneSimulator.Build.0 = Debug|Any CPU
		{E9037321-9DE8-4F68-AA1D-AECFB44F3FB8}.AppStore|x64.ActiveCfg = Debug|Any CPU
		{E9037321-9DE8-4F68-AA1D-AECFB44F3FB8}.AppStore|x64.Build.0 = Debug|Any CPU
		{E9037321-9DE8-4F68-AA1D-AECFB44F3FB8}.AppStore|x86.ActiveCfg = Debug|Any CPU
		{E9037321-9DE8-4F68-AA1D-AECFB44F3FB8}.AppStore|x86.Build.0 = Debug|Any CPU
		{E9037321-9DE8-4F68-AA1D-AECFB44F3FB8}.Debug|Any CPU.ActiveCfg = Debug|Any CPU
		{E9037321-9DE8-4F68-AA1D-AECFB44F3FB8}.Debug|Any CPU.Build.0 = Debug|Any CPU
		{E9037321-9DE8-4F68-AA1D-AECFB44F3FB8}.Debug|ARM.ActiveCfg = Debug|Any CPU
		{E9037321-9DE8-4F68-AA1D-AECFB44F3FB8}.Debug|ARM.Build.0 = Debug|Any CPU
		{E9037321-9DE8-4F68-AA1D-AECFB44F3FB8}.Debug|iPhone.ActiveCfg = Debug|Any CPU
		{E9037321-9DE8-4F68-AA1D-AECFB44F3FB8}.Debug|iPhone.Build.0 = Debug|Any CPU
		{E9037321-9DE8-4F68-AA1D-AECFB44F3FB8}.Debug|iPhoneSimulator.ActiveCfg = Debug|Any CPU
		{E9037321-9DE8-4F68-AA1D-AECFB44F3FB8}.Debug|iPhoneSimulator.Build.0 = Debug|Any CPU
		{E9037321-9DE8-4F68-AA1D-AECFB44F3FB8}.Debug|x64.ActiveCfg = Debug|Any CPU
		{E9037321-9DE8-4F68-AA1D-AECFB44F3FB8}.Debug|x64.Build.0 = Debug|Any CPU
		{E9037321-9DE8-4F68-AA1D-AECFB44F3FB8}.Debug|x86.ActiveCfg = Debug|Any CPU
		{E9037321-9DE8-4F68-AA1D-AECFB44F3FB8}.Debug|x86.Build.0 = Debug|Any CPU
		{E9037321-9DE8-4F68-AA1D-AECFB44F3FB8}.Release|Any CPU.ActiveCfg = Release|Any CPU
		{E9037321-9DE8-4F68-AA1D-AECFB44F3FB8}.Release|Any CPU.Build.0 = Release|Any CPU
		{E9037321-9DE8-4F68-AA1D-AECFB44F3FB8}.Release|ARM.ActiveCfg = Release|Any CPU
		{E9037321-9DE8-4F68-AA1D-AECFB44F3FB8}.Release|ARM.Build.0 = Release|Any CPU
		{E9037321-9DE8-4F68-AA1D-AECFB44F3FB8}.Release|iPhone.ActiveCfg = Release|Any CPU
		{E9037321-9DE8-4F68-AA1D-AECFB44F3FB8}.Release|iPhone.Build.0 = Release|Any CPU
		{E9037321-9DE8-4F68-AA1D-AECFB44F3FB8}.Release|iPhoneSimulator.ActiveCfg = Release|Any CPU
		{E9037321-9DE8-4F68-AA1D-AECFB44F3FB8}.Release|iPhoneSimulator.Build.0 = Release|Any CPU
		{E9037321-9DE8-4F68-AA1D-AECFB44F3FB8}.Release|x64.ActiveCfg = Release|Any CPU
		{E9037321-9DE8-4F68-AA1D-AECFB44F3FB8}.Release|x64.Build.0 = Release|Any CPU
		{E9037321-9DE8-4F68-AA1D-AECFB44F3FB8}.Release|x86.ActiveCfg = Release|Any CPU
		{E9037321-9DE8-4F68-AA1D-AECFB44F3FB8}.Release|x86.Build.0 = Release|Any CPU
		{B99FFAF3-6D4B-45BD-AED0-2CD83F61D349}.Ad-Hoc|Any CPU.ActiveCfg = Ad-Hoc|iPhone
		{B99FFAF3-6D4B-45BD-AED0-2CD83F61D349}.Ad-Hoc|ARM.ActiveCfg = Ad-Hoc|iPhone
		{B99FFAF3-6D4B-45BD-AED0-2CD83F61D349}.Ad-Hoc|iPhone.ActiveCfg = Ad-Hoc|iPhone
		{B99FFAF3-6D4B-45BD-AED0-2CD83F61D349}.Ad-Hoc|iPhone.Build.0 = Ad-Hoc|iPhone
		{B99FFAF3-6D4B-45BD-AED0-2CD83F61D349}.Ad-Hoc|iPhoneSimulator.ActiveCfg = Ad-Hoc|iPhoneSimulator
		{B99FFAF3-6D4B-45BD-AED0-2CD83F61D349}.Ad-Hoc|iPhoneSimulator.Build.0 = Ad-Hoc|iPhoneSimulator
		{B99FFAF3-6D4B-45BD-AED0-2CD83F61D349}.Ad-Hoc|x64.ActiveCfg = Ad-Hoc|iPhone
		{B99FFAF3-6D4B-45BD-AED0-2CD83F61D349}.Ad-Hoc|x86.ActiveCfg = Ad-Hoc|iPhone
		{B99FFAF3-6D4B-45BD-AED0-2CD83F61D349}.AppStore|Any CPU.ActiveCfg = AppStore|iPhone
		{B99FFAF3-6D4B-45BD-AED0-2CD83F61D349}.AppStore|ARM.ActiveCfg = AppStore|iPhone
		{B99FFAF3-6D4B-45BD-AED0-2CD83F61D349}.AppStore|iPhone.ActiveCfg = AppStore|iPhone
		{B99FFAF3-6D4B-45BD-AED0-2CD83F61D349}.AppStore|iPhone.Build.0 = AppStore|iPhone
		{B99FFAF3-6D4B-45BD-AED0-2CD83F61D349}.AppStore|iPhoneSimulator.ActiveCfg = AppStore|iPhoneSimulator
		{B99FFAF3-6D4B-45BD-AED0-2CD83F61D349}.AppStore|iPhoneSimulator.Build.0 = AppStore|iPhoneSimulator
		{B99FFAF3-6D4B-45BD-AED0-2CD83F61D349}.AppStore|x64.ActiveCfg = AppStore|iPhone
		{B99FFAF3-6D4B-45BD-AED0-2CD83F61D349}.AppStore|x86.ActiveCfg = AppStore|iPhone
		{B99FFAF3-6D4B-45BD-AED0-2CD83F61D349}.Debug|Any CPU.ActiveCfg = Debug|iPhone
		{B99FFAF3-6D4B-45BD-AED0-2CD83F61D349}.Debug|ARM.ActiveCfg = Debug|iPhone
		{B99FFAF3-6D4B-45BD-AED0-2CD83F61D349}.Debug|iPhone.ActiveCfg = Debug|iPhone
		{B99FFAF3-6D4B-45BD-AED0-2CD83F61D349}.Debug|iPhone.Build.0 = Debug|iPhone
		{B99FFAF3-6D4B-45BD-AED0-2CD83F61D349}.Debug|iPhoneSimulator.ActiveCfg = Debug|iPhoneSimulator
		{B99FFAF3-6D4B-45BD-AED0-2CD83F61D349}.Debug|iPhoneSimulator.Build.0 = Debug|iPhoneSimulator
		{B99FFAF3-6D4B-45BD-AED0-2CD83F61D349}.Debug|x64.ActiveCfg = Debug|iPhone
		{B99FFAF3-6D4B-45BD-AED0-2CD83F61D349}.Debug|x86.ActiveCfg = Debug|iPhone
		{B99FFAF3-6D4B-45BD-AED0-2CD83F61D349}.Release|Any CPU.ActiveCfg = Release|iPhone
		{B99FFAF3-6D4B-45BD-AED0-2CD83F61D349}.Release|ARM.ActiveCfg = Release|iPhone
		{B99FFAF3-6D4B-45BD-AED0-2CD83F61D349}.Release|iPhone.ActiveCfg = Release|iPhone
		{B99FFAF3-6D4B-45BD-AED0-2CD83F61D349}.Release|iPhone.Build.0 = Release|iPhone
		{B99FFAF3-6D4B-45BD-AED0-2CD83F61D349}.Release|iPhoneSimulator.ActiveCfg = Release|iPhoneSimulator
		{B99FFAF3-6D4B-45BD-AED0-2CD83F61D349}.Release|iPhoneSimulator.Build.0 = Release|iPhoneSimulator
		{B99FFAF3-6D4B-45BD-AED0-2CD83F61D349}.Release|x64.ActiveCfg = Release|iPhone
		{B99FFAF3-6D4B-45BD-AED0-2CD83F61D349}.Release|x86.ActiveCfg = Release|iPhone
		{2ACA28EB-D836-48BD-A073-8FC212349E00}.Ad-Hoc|Any CPU.ActiveCfg = Release|x86
		{2ACA28EB-D836-48BD-A073-8FC212349E00}.Ad-Hoc|Any CPU.Build.0 = Release|x86
		{2ACA28EB-D836-48BD-A073-8FC212349E00}.Ad-Hoc|Any CPU.Deploy.0 = Release|x86
		{2ACA28EB-D836-48BD-A073-8FC212349E00}.Ad-Hoc|ARM.ActiveCfg = Release|ARM
		{2ACA28EB-D836-48BD-A073-8FC212349E00}.Ad-Hoc|ARM.Build.0 = Release|ARM
		{2ACA28EB-D836-48BD-A073-8FC212349E00}.Ad-Hoc|ARM.Deploy.0 = Release|ARM
		{2ACA28EB-D836-48BD-A073-8FC212349E00}.Ad-Hoc|iPhone.ActiveCfg = Release|x86
		{2ACA28EB-D836-48BD-A073-8FC212349E00}.Ad-Hoc|iPhone.Build.0 = Release|x86
		{2ACA28EB-D836-48BD-A073-8FC212349E00}.Ad-Hoc|iPhone.Deploy.0 = Release|x86
		{2ACA28EB-D836-48BD-A073-8FC212349E00}.Ad-Hoc|iPhoneSimulator.ActiveCfg = Release|x86
		{2ACA28EB-D836-48BD-A073-8FC212349E00}.Ad-Hoc|iPhoneSimulator.Build.0 = Release|x86
		{2ACA28EB-D836-48BD-A073-8FC212349E00}.Ad-Hoc|iPhoneSimulator.Deploy.0 = Release|x86
		{2ACA28EB-D836-48BD-A073-8FC212349E00}.Ad-Hoc|x64.ActiveCfg = Release|x64
		{2ACA28EB-D836-48BD-A073-8FC212349E00}.Ad-Hoc|x64.Build.0 = Release|x64
		{2ACA28EB-D836-48BD-A073-8FC212349E00}.Ad-Hoc|x64.Deploy.0 = Release|x64
		{2ACA28EB-D836-48BD-A073-8FC212349E00}.Ad-Hoc|x86.ActiveCfg = Release|x86
		{2ACA28EB-D836-48BD-A073-8FC212349E00}.Ad-Hoc|x86.Build.0 = Release|x86
		{2ACA28EB-D836-48BD-A073-8FC212349E00}.Ad-Hoc|x86.Deploy.0 = Release|x86
		{2ACA28EB-D836-48BD-A073-8FC212349E00}.AppStore|Any CPU.ActiveCfg = Release|x86
		{2ACA28EB-D836-48BD-A073-8FC212349E00}.AppStore|Any CPU.Build.0 = Release|x86
		{2ACA28EB-D836-48BD-A073-8FC212349E00}.AppStore|Any CPU.Deploy.0 = Release|x86
		{2ACA28EB-D836-48BD-A073-8FC212349E00}.AppStore|ARM.ActiveCfg = Release|ARM
		{2ACA28EB-D836-48BD-A073-8FC212349E00}.AppStore|ARM.Build.0 = Release|ARM
		{2ACA28EB-D836-48BD-A073-8FC212349E00}.AppStore|ARM.Deploy.0 = Release|ARM
		{2ACA28EB-D836-48BD-A073-8FC212349E00}.AppStore|iPhone.ActiveCfg = Release|x86
		{2ACA28EB-D836-48BD-A073-8FC212349E00}.AppStore|iPhone.Build.0 = Release|x86
		{2ACA28EB-D836-48BD-A073-8FC212349E00}.AppStore|iPhone.Deploy.0 = Release|x86
		{2ACA28EB-D836-48BD-A073-8FC212349E00}.AppStore|iPhoneSimulator.ActiveCfg = Release|x86
		{2ACA28EB-D836-48BD-A073-8FC212349E00}.AppStore|iPhoneSimulator.Build.0 = Release|x86
		{2ACA28EB-D836-48BD-A073-8FC212349E00}.AppStore|iPhoneSimulator.Deploy.0 = Release|x86
		{2ACA28EB-D836-48BD-A073-8FC212349E00}.AppStore|x64.ActiveCfg = Release|x64
		{2ACA28EB-D836-48BD-A073-8FC212349E00}.AppStore|x64.Build.0 = Release|x64
		{2ACA28EB-D836-48BD-A073-8FC212349E00}.AppStore|x64.Deploy.0 = Release|x64
		{2ACA28EB-D836-48BD-A073-8FC212349E00}.AppStore|x86.ActiveCfg = Release|x86
		{2ACA28EB-D836-48BD-A073-8FC212349E00}.AppStore|x86.Build.0 = Release|x86
		{2ACA28EB-D836-48BD-A073-8FC212349E00}.AppStore|x86.Deploy.0 = Release|x86
		{2ACA28EB-D836-48BD-A073-8FC212349E00}.Debug|Any CPU.ActiveCfg = Debug|x86
		{2ACA28EB-D836-48BD-A073-8FC212349E00}.Debug|ARM.ActiveCfg = Debug|ARM
		{2ACA28EB-D836-48BD-A073-8FC212349E00}.Debug|ARM.Build.0 = Debug|ARM
		{2ACA28EB-D836-48BD-A073-8FC212349E00}.Debug|ARM.Deploy.0 = Debug|ARM
		{2ACA28EB-D836-48BD-A073-8FC212349E00}.Debug|iPhone.ActiveCfg = Debug|x86
		{2ACA28EB-D836-48BD-A073-8FC212349E00}.Debug|iPhoneSimulator.ActiveCfg = Debug|x86
		{2ACA28EB-D836-48BD-A073-8FC212349E00}.Debug|x64.ActiveCfg = Debug|x64
		{2ACA28EB-D836-48BD-A073-8FC212349E00}.Debug|x64.Build.0 = Debug|x64
		{2ACA28EB-D836-48BD-A073-8FC212349E00}.Debug|x64.Deploy.0 = Debug|x64
		{2ACA28EB-D836-48BD-A073-8FC212349E00}.Debug|x86.ActiveCfg = Debug|x86
		{2ACA28EB-D836-48BD-A073-8FC212349E00}.Debug|x86.Build.0 = Debug|x86
		{2ACA28EB-D836-48BD-A073-8FC212349E00}.Debug|x86.Deploy.0 = Debug|x86
		{2ACA28EB-D836-48BD-A073-8FC212349E00}.Release|Any CPU.ActiveCfg = Release|x86
		{2ACA28EB-D836-48BD-A073-8FC212349E00}.Release|ARM.ActiveCfg = Release|ARM
		{2ACA28EB-D836-48BD-A073-8FC212349E00}.Release|ARM.Build.0 = Release|ARM
		{2ACA28EB-D836-48BD-A073-8FC212349E00}.Release|ARM.Deploy.0 = Release|ARM
		{2ACA28EB-D836-48BD-A073-8FC212349E00}.Release|iPhone.ActiveCfg = Release|x86
		{2ACA28EB-D836-48BD-A073-8FC212349E00}.Release|iPhoneSimulator.ActiveCfg = Release|x86
		{2ACA28EB-D836-48BD-A073-8FC212349E00}.Release|x64.ActiveCfg = Release|x64
		{2ACA28EB-D836-48BD-A073-8FC212349E00}.Release|x64.Build.0 = Release|x64
		{2ACA28EB-D836-48BD-A073-8FC212349E00}.Release|x64.Deploy.0 = Release|x64
		{2ACA28EB-D836-48BD-A073-8FC212349E00}.Release|x86.ActiveCfg = Release|x86
		{2ACA28EB-D836-48BD-A073-8FC212349E00}.Release|x86.Build.0 = Release|x86
		{2ACA28EB-D836-48BD-A073-8FC212349E00}.Release|x86.Deploy.0 = Release|x86
		{20FDA6ED-B68E-4610-807B-F358668F181E}.Ad-Hoc|Any CPU.ActiveCfg = Release|Any CPU
		{20FDA6ED-B68E-4610-807B-F358668F181E}.Ad-Hoc|Any CPU.Build.0 = Release|Any CPU
		{20FDA6ED-B68E-4610-807B-F358668F181E}.Ad-Hoc|Any CPU.Deploy.0 = Release|Any CPU
		{20FDA6ED-B68E-4610-807B-F358668F181E}.Ad-Hoc|ARM.ActiveCfg = Release|Any CPU
		{20FDA6ED-B68E-4610-807B-F358668F181E}.Ad-Hoc|ARM.Build.0 = Release|Any CPU
		{20FDA6ED-B68E-4610-807B-F358668F181E}.Ad-Hoc|ARM.Deploy.0 = Release|Any CPU
		{20FDA6ED-B68E-4610-807B-F358668F181E}.Ad-Hoc|iPhone.ActiveCfg = Release|Any CPU
		{20FDA6ED-B68E-4610-807B-F358668F181E}.Ad-Hoc|iPhone.Build.0 = Release|Any CPU
		{20FDA6ED-B68E-4610-807B-F358668F181E}.Ad-Hoc|iPhone.Deploy.0 = Release|Any CPU
		{20FDA6ED-B68E-4610-807B-F358668F181E}.Ad-Hoc|iPhoneSimulator.ActiveCfg = Release|Any CPU
		{20FDA6ED-B68E-4610-807B-F358668F181E}.Ad-Hoc|iPhoneSimulator.Build.0 = Release|Any CPU
		{20FDA6ED-B68E-4610-807B-F358668F181E}.Ad-Hoc|iPhoneSimulator.Deploy.0 = Release|Any CPU
		{20FDA6ED-B68E-4610-807B-F358668F181E}.Ad-Hoc|x64.ActiveCfg = Release|Any CPU
		{20FDA6ED-B68E-4610-807B-F358668F181E}.Ad-Hoc|x64.Build.0 = Release|Any CPU
		{20FDA6ED-B68E-4610-807B-F358668F181E}.Ad-Hoc|x64.Deploy.0 = Release|Any CPU
		{20FDA6ED-B68E-4610-807B-F358668F181E}.Ad-Hoc|x86.ActiveCfg = Release|Any CPU
		{20FDA6ED-B68E-4610-807B-F358668F181E}.Ad-Hoc|x86.Build.0 = Release|Any CPU
		{20FDA6ED-B68E-4610-807B-F358668F181E}.Ad-Hoc|x86.Deploy.0 = Release|Any CPU
		{20FDA6ED-B68E-4610-807B-F358668F181E}.AppStore|Any CPU.ActiveCfg = Release|Any CPU
		{20FDA6ED-B68E-4610-807B-F358668F181E}.AppStore|Any CPU.Build.0 = Release|Any CPU
		{20FDA6ED-B68E-4610-807B-F358668F181E}.AppStore|Any CPU.Deploy.0 = Release|Any CPU
		{20FDA6ED-B68E-4610-807B-F358668F181E}.AppStore|ARM.ActiveCfg = Release|Any CPU
		{20FDA6ED-B68E-4610-807B-F358668F181E}.AppStore|ARM.Build.0 = Release|Any CPU
		{20FDA6ED-B68E-4610-807B-F358668F181E}.AppStore|ARM.Deploy.0 = Release|Any CPU
		{20FDA6ED-B68E-4610-807B-F358668F181E}.AppStore|iPhone.ActiveCfg = Release|Any CPU
		{20FDA6ED-B68E-4610-807B-F358668F181E}.AppStore|iPhone.Build.0 = Release|Any CPU
		{20FDA6ED-B68E-4610-807B-F358668F181E}.AppStore|iPhone.Deploy.0 = Release|Any CPU
		{20FDA6ED-B68E-4610-807B-F358668F181E}.AppStore|iPhoneSimulator.ActiveCfg = Release|Any CPU
		{20FDA6ED-B68E-4610-807B-F358668F181E}.AppStore|iPhoneSimulator.Build.0 = Release|Any CPU
		{20FDA6ED-B68E-4610-807B-F358668F181E}.AppStore|iPhoneSimulator.Deploy.0 = Release|Any CPU
		{20FDA6ED-B68E-4610-807B-F358668F181E}.AppStore|x64.ActiveCfg = Release|Any CPU
		{20FDA6ED-B68E-4610-807B-F358668F181E}.AppStore|x64.Build.0 = Release|Any CPU
		{20FDA6ED-B68E-4610-807B-F358668F181E}.AppStore|x64.Deploy.0 = Release|Any CPU
		{20FDA6ED-B68E-4610-807B-F358668F181E}.AppStore|x86.ActiveCfg = Release|Any CPU
		{20FDA6ED-B68E-4610-807B-F358668F181E}.AppStore|x86.Build.0 = Release|Any CPU
		{20FDA6ED-B68E-4610-807B-F358668F181E}.AppStore|x86.Deploy.0 = Release|Any CPU
		{20FDA6ED-B68E-4610-807B-F358668F181E}.Debug|Any CPU.ActiveCfg = Debug|Any CPU
		{20FDA6ED-B68E-4610-807B-F358668F181E}.Debug|Any CPU.Build.0 = Debug|Any CPU
		{20FDA6ED-B68E-4610-807B-F358668F181E}.Debug|Any CPU.Deploy.0 = Debug|Any CPU
		{20FDA6ED-B68E-4610-807B-F358668F181E}.Debug|ARM.ActiveCfg = Debug|Any CPU
		{20FDA6ED-B68E-4610-807B-F358668F181E}.Debug|ARM.Build.0 = Debug|Any CPU
		{20FDA6ED-B68E-4610-807B-F358668F181E}.Debug|ARM.Deploy.0 = Debug|Any CPU
		{20FDA6ED-B68E-4610-807B-F358668F181E}.Debug|iPhone.ActiveCfg = Debug|Any CPU
		{20FDA6ED-B68E-4610-807B-F358668F181E}.Debug|iPhone.Build.0 = Debug|Any CPU
		{20FDA6ED-B68E-4610-807B-F358668F181E}.Debug|iPhone.Deploy.0 = Debug|Any CPU
		{20FDA6ED-B68E-4610-807B-F358668F181E}.Debug|iPhoneSimulator.ActiveCfg = Debug|Any CPU
		{20FDA6ED-B68E-4610-807B-F358668F181E}.Debug|iPhoneSimulator.Build.0 = Debug|Any CPU
		{20FDA6ED-B68E-4610-807B-F358668F181E}.Debug|iPhoneSimulator.Deploy.0 = Debug|Any CPU
		{20FDA6ED-B68E-4610-807B-F358668F181E}.Debug|x64.ActiveCfg = Debug|Any CPU
		{20FDA6ED-B68E-4610-807B-F358668F181E}.Debug|x64.Build.0 = Debug|Any CPU
		{20FDA6ED-B68E-4610-807B-F358668F181E}.Debug|x64.Deploy.0 = Debug|Any CPU
		{20FDA6ED-B68E-4610-807B-F358668F181E}.Debug|x86.ActiveCfg = Debug|Any CPU
		{20FDA6ED-B68E-4610-807B-F358668F181E}.Debug|x86.Build.0 = Debug|Any CPU
		{20FDA6ED-B68E-4610-807B-F358668F181E}.Debug|x86.Deploy.0 = Debug|Any CPU
		{20FDA6ED-B68E-4610-807B-F358668F181E}.Release|Any CPU.ActiveCfg = Release|Any CPU
		{20FDA6ED-B68E-4610-807B-F358668F181E}.Release|Any CPU.Build.0 = Release|Any CPU
		{20FDA6ED-B68E-4610-807B-F358668F181E}.Release|Any CPU.Deploy.0 = Release|Any CPU
		{20FDA6ED-B68E-4610-807B-F358668F181E}.Release|ARM.ActiveCfg = Release|Any CPU
		{20FDA6ED-B68E-4610-807B-F358668F181E}.Release|ARM.Build.0 = Release|Any CPU
		{20FDA6ED-B68E-4610-807B-F358668F181E}.Release|ARM.Deploy.0 = Release|Any CPU
		{20FDA6ED-B68E-4610-807B-F358668F181E}.Release|iPhone.ActiveCfg = Release|Any CPU
		{20FDA6ED-B68E-4610-807B-F358668F181E}.Release|iPhone.Build.0 = Release|Any CPU
		{20FDA6ED-B68E-4610-807B-F358668F181E}.Release|iPhone.Deploy.0 = Release|Any CPU
		{20FDA6ED-B68E-4610-807B-F358668F181E}.Release|iPhoneSimulator.ActiveCfg = Release|Any CPU
		{20FDA6ED-B68E-4610-807B-F358668F181E}.Release|iPhoneSimulator.Build.0 = Release|Any CPU
		{20FDA6ED-B68E-4610-807B-F358668F181E}.Release|iPhoneSimulator.Deploy.0 = Release|Any CPU
		{20FDA6ED-B68E-4610-807B-F358668F181E}.Release|x64.ActiveCfg = Release|Any CPU
		{20FDA6ED-B68E-4610-807B-F358668F181E}.Release|x64.Build.0 = Release|Any CPU
		{20FDA6ED-B68E-4610-807B-F358668F181E}.Release|x64.Deploy.0 = Release|Any CPU
		{20FDA6ED-B68E-4610-807B-F358668F181E}.Release|x86.ActiveCfg = Release|Any CPU
		{20FDA6ED-B68E-4610-807B-F358668F181E}.Release|x86.Build.0 = Release|Any CPU
		{20FDA6ED-B68E-4610-807B-F358668F181E}.Release|x86.Deploy.0 = Release|Any CPU
		{B445DF73-AC9E-4276-9FBA-7CB5AD5D2518}.Ad-Hoc|Any CPU.ActiveCfg = Release|Any CPU
		{B445DF73-AC9E-4276-9FBA-7CB5AD5D2518}.Ad-Hoc|Any CPU.Build.0 = Release|Any CPU
		{B445DF73-AC9E-4276-9FBA-7CB5AD5D2518}.Ad-Hoc|ARM.ActiveCfg = Release|Any CPU
		{B445DF73-AC9E-4276-9FBA-7CB5AD5D2518}.Ad-Hoc|ARM.Build.0 = Release|Any CPU
		{B445DF73-AC9E-4276-9FBA-7CB5AD5D2518}.Ad-Hoc|iPhone.ActiveCfg = Release|Any CPU
		{B445DF73-AC9E-4276-9FBA-7CB5AD5D2518}.Ad-Hoc|iPhone.Build.0 = Release|Any CPU
		{B445DF73-AC9E-4276-9FBA-7CB5AD5D2518}.Ad-Hoc|iPhoneSimulator.ActiveCfg = Release|Any CPU
		{B445DF73-AC9E-4276-9FBA-7CB5AD5D2518}.Ad-Hoc|iPhoneSimulator.Build.0 = Release|Any CPU
		{B445DF73-AC9E-4276-9FBA-7CB5AD5D2518}.Ad-Hoc|x64.ActiveCfg = Release|Any CPU
		{B445DF73-AC9E-4276-9FBA-7CB5AD5D2518}.Ad-Hoc|x64.Build.0 = Release|Any CPU
		{B445DF73-AC9E-4276-9FBA-7CB5AD5D2518}.Ad-Hoc|x86.ActiveCfg = Release|Any CPU
		{B445DF73-AC9E-4276-9FBA-7CB5AD5D2518}.Ad-Hoc|x86.Build.0 = Release|Any CPU
		{B445DF73-AC9E-4276-9FBA-7CB5AD5D2518}.AppStore|Any CPU.ActiveCfg = Release|Any CPU
		{B445DF73-AC9E-4276-9FBA-7CB5AD5D2518}.AppStore|Any CPU.Build.0 = Release|Any CPU
		{B445DF73-AC9E-4276-9FBA-7CB5AD5D2518}.AppStore|ARM.ActiveCfg = Release|Any CPU
		{B445DF73-AC9E-4276-9FBA-7CB5AD5D2518}.AppStore|ARM.Build.0 = Release|Any CPU
		{B445DF73-AC9E-4276-9FBA-7CB5AD5D2518}.AppStore|iPhone.ActiveCfg = Release|Any CPU
		{B445DF73-AC9E-4276-9FBA-7CB5AD5D2518}.AppStore|iPhone.Build.0 = Release|Any CPU
		{B445DF73-AC9E-4276-9FBA-7CB5AD5D2518}.AppStore|iPhoneSimulator.ActiveCfg = Release|Any CPU
		{B445DF73-AC9E-4276-9FBA-7CB5AD5D2518}.AppStore|iPhoneSimulator.Build.0 = Release|Any CPU
		{B445DF73-AC9E-4276-9FBA-7CB5AD5D2518}.AppStore|x64.ActiveCfg = Release|Any CPU
		{B445DF73-AC9E-4276-9FBA-7CB5AD5D2518}.AppStore|x64.Build.0 = Release|Any CPU
		{B445DF73-AC9E-4276-9FBA-7CB5AD5D2518}.AppStore|x86.ActiveCfg = Release|Any CPU
		{B445DF73-AC9E-4276-9FBA-7CB5AD5D2518}.AppStore|x86.Build.0 = Release|Any CPU
		{B445DF73-AC9E-4276-9FBA-7CB5AD5D2518}.Debug|Any CPU.ActiveCfg = Debug|Any CPU
		{B445DF73-AC9E-4276-9FBA-7CB5AD5D2518}.Debug|Any CPU.Build.0 = Debug|Any CPU
		{B445DF73-AC9E-4276-9FBA-7CB5AD5D2518}.Debug|ARM.ActiveCfg = Debug|Any CPU
		{B445DF73-AC9E-4276-9FBA-7CB5AD5D2518}.Debug|ARM.Build.0 = Debug|Any CPU
		{B445DF73-AC9E-4276-9FBA-7CB5AD5D2518}.Debug|iPhone.ActiveCfg = Debug|Any CPU
		{B445DF73-AC9E-4276-9FBA-7CB5AD5D2518}.Debug|iPhone.Build.0 = Debug|Any CPU
		{B445DF73-AC9E-4276-9FBA-7CB5AD5D2518}.Debug|iPhoneSimulator.ActiveCfg = Debug|Any CPU
		{B445DF73-AC9E-4276-9FBA-7CB5AD5D2518}.Debug|iPhoneSimulator.Build.0 = Debug|Any CPU
		{B445DF73-AC9E-4276-9FBA-7CB5AD5D2518}.Debug|x64.ActiveCfg = Debug|Any CPU
		{B445DF73-AC9E-4276-9FBA-7CB5AD5D2518}.Debug|x64.Build.0 = Debug|Any CPU
		{B445DF73-AC9E-4276-9FBA-7CB5AD5D2518}.Debug|x86.ActiveCfg = Debug|Any CPU
		{B445DF73-AC9E-4276-9FBA-7CB5AD5D2518}.Debug|x86.Build.0 = Debug|Any CPU
		{B445DF73-AC9E-4276-9FBA-7CB5AD5D2518}.Release|Any CPU.ActiveCfg = Release|Any CPU
		{B445DF73-AC9E-4276-9FBA-7CB5AD5D2518}.Release|Any CPU.Build.0 = Release|Any CPU
		{B445DF73-AC9E-4276-9FBA-7CB5AD5D2518}.Release|ARM.ActiveCfg = Release|Any CPU
		{B445DF73-AC9E-4276-9FBA-7CB5AD5D2518}.Release|ARM.Build.0 = Release|Any CPU
		{B445DF73-AC9E-4276-9FBA-7CB5AD5D2518}.Release|iPhone.ActiveCfg = Release|Any CPU
		{B445DF73-AC9E-4276-9FBA-7CB5AD5D2518}.Release|iPhone.Build.0 = Release|Any CPU
		{B445DF73-AC9E-4276-9FBA-7CB5AD5D2518}.Release|iPhoneSimulator.ActiveCfg = Release|Any CPU
		{B445DF73-AC9E-4276-9FBA-7CB5AD5D2518}.Release|iPhoneSimulator.Build.0 = Release|Any CPU
		{B445DF73-AC9E-4276-9FBA-7CB5AD5D2518}.Release|x64.ActiveCfg = Release|Any CPU
		{B445DF73-AC9E-4276-9FBA-7CB5AD5D2518}.Release|x64.Build.0 = Release|Any CPU
		{B445DF73-AC9E-4276-9FBA-7CB5AD5D2518}.Release|x86.ActiveCfg = Release|Any CPU
		{B445DF73-AC9E-4276-9FBA-7CB5AD5D2518}.Release|x86.Build.0 = Release|Any CPU
	EndGlobalSection
	GlobalSection(SolutionProperties) = preSolution
		HideSolutionNode = FALSE
	EndGlobalSection
	GlobalSection(ExtensibilityGlobals) = postSolution
		SolutionGuid = {F6D05029-56B8-4E45-AF2D-0E76295DDBA2}
	EndGlobalSection
EndGlobal
