
Microsoft Visual Studio Solution File, Format Version 12.00
# Visual Studio 15
VisualStudioVersion = 15.0.26730.10
MinimumVisualStudioVersion = 10.0.40219.1


Project("{9A19103F-16F7-4668-BE54-9A1E7A4F7556}") = "Xamarin.Forms_Master_Detail_dn_Standard", "Xamarin.Forms_Master_Detail_dn_Standard\Xamarin.Forms_Master_Detail_dn_Standard\Xamarin.Forms_Master_Detail_dn_Standard.csproj", "{A24E6EC7-6A4D-43D9-B778-384A82EC9539}"
EndProject

Project("{FAE04EC0-301F-11D3-BF4B-00C04F79EFBC}") = "Xamarin.Forms_Master_Detail_dn_Standard.iOS", "Xamarin.Forms_Master_Detail_dn_Standard\Xamarin.Forms_Master_Detail_dn_Standard.iOS\Xamarin.Forms_Master_Detail_dn_Standard.iOS.csproj", "{5F650AD7-80B2-475A-BD8A-49C926C19987}"
EndProject

Project("{FAE04EC0-301F-11D3-BF4B-00C04F79EFBC}") = "Xamarin.Forms_Master_Detail_dn_Standard.Android", "Xamarin.Forms_Master_Detail_dn_Standard\Xamarin.Forms_Master_Detail_dn_Standard.Android\Xamarin.Forms_Master_Detail_dn_Standard.Android.csproj", "{84743294-15BF-4049-86F3-EA69F60B97FB}"
EndProject

Project("{FAE04EC0-301F-11D3-BF4B-00C04F79EFBC}") = "Xamarin.Forms_Master_Detail_dn_Standard.UWP", "Xamarin.Forms_Master_Detail_dn_Standard\Xamarin.Forms_Master_Detail_dn_Standard.UWP\Xamarin.Forms_Master_Detail_dn_Standard.UWP.csproj", "{7FD79810-0003-48C2-B879-E70B077FE297}"
EndProject


Global
	GlobalSection(SolutionConfigurationPlatforms) = preSolution
		Ad-Hoc|Any CPU = Ad-Hoc|Any CPU
		Ad-Hoc|ARM = Ad-Hoc|ARM
		Ad-Hoc|iPhone = Ad-Hoc|iPhone
		Ad-Hoc|iPhoneSimulator = Ad-Hoc|iPhoneSimulator
		Ad-Hoc|x64 = Ad-Hoc|x64
		Ad-Hoc|x86 = Ad-Hoc|x86
		AppStore|Any CPU = AppStore|Any CPU
		AppStore|ARM = AppStore|ARM
		AppStore|iPhone = AppStore|iPhone
		AppStore|iPhoneSimulator = AppStore|iPhoneSimulator
		AppStore|x64 = AppStore|x64
		AppStore|x86 = AppStore|x86
		Debug|Any CPU = Debug|Any CPU
		Debug|ARM = Debug|ARM
		Debug|iPhone = Debug|iPhone
		Debug|iPhoneSimulator = Debug|iPhoneSimulator
		Debug|x64 = Debug|x64
		Debug|x86 = Debug|x86
		Release|Any CPU = Release|Any CPU
		Release|ARM = Release|ARM
		Release|iPhone = Release|iPhone
		Release|iPhoneSimulator = Release|iPhoneSimulator
		Release|x64 = Release|x64
		Release|x86 = Release|x86
	EndGlobalSection
	GlobalSection(ProjectConfigurationPlatforms) = postSolution
		{A24E6EC7-6A4D-43D9-B778-384A82EC9539}.Ad-Hoc|Any CPU.ActiveCfg = Debug|Any CPU
		{A24E6EC7-6A4D-43D9-B778-384A82EC9539}.Ad-Hoc|Any CPU.Build.0 = Debug|Any CPU
		{A24E6EC7-6A4D-43D9-B778-384A82EC9539}.Ad-Hoc|ARM.ActiveCfg = Debug|Any CPU
		{A24E6EC7-6A4D-43D9-B778-384A82EC9539}.Ad-Hoc|ARM.Build.0 = Debug|Any CPU
		{A24E6EC7-6A4D-43D9-B778-384A82EC9539}.Ad-Hoc|iPhone.ActiveCfg = Debug|Any CPU
		{A24E6EC7-6A4D-43D9-B778-384A82EC9539}.Ad-Hoc|iPhone.Build.0 = Debug|Any CPU
		{A24E6EC7-6A4D-43D9-B778-384A82EC9539}.Ad-Hoc|iPhoneSimulator.ActiveCfg = Debug|Any CPU
		{A24E6EC7-6A4D-43D9-B778-384A82EC9539}.Ad-Hoc|iPhoneSimulator.Build.0 = Debug|Any CPU
		{A24E6EC7-6A4D-43D9-B778-384A82EC9539}.Ad-Hoc|x64.ActiveCfg = Debug|Any CPU
		{A24E6EC7-6A4D-43D9-B778-384A82EC9539}.Ad-Hoc|x64.Build.0 = Debug|Any CPU
		{A24E6EC7-6A4D-43D9-B778-384A82EC9539}.Ad-Hoc|x86.ActiveCfg = Debug|Any CPU
		{A24E6EC7-6A4D-43D9-B778-384A82EC9539}.Ad-Hoc|x86.Build.0 = Debug|Any CPU
		{A24E6EC7-6A4D-43D9-B778-384A82EC9539}.AppStore|Any CPU.ActiveCfg = Debug|Any CPU
		{A24E6EC7-6A4D-43D9-B778-384A82EC9539}.AppStore|Any CPU.Build.0 = Debug|Any CPU
		{A24E6EC7-6A4D-43D9-B778-384A82EC9539}.AppStore|ARM.ActiveCfg = Debug|Any CPU
		{A24E6EC7-6A4D-43D9-B778-384A82EC9539}.AppStore|ARM.Build.0 = Debug|Any CPU
		{A24E6EC7-6A4D-43D9-B778-384A82EC9539}.AppStore|iPhone.ActiveCfg = Debug|Any CPU
		{A24E6EC7-6A4D-43D9-B778-384A82EC9539}.AppStore|iPhone.Build.0 = Debug|Any CPU
		{A24E6EC7-6A4D-43D9-B778-384A82EC9539}.AppStore|iPhoneSimulator.ActiveCfg = Debug|Any CPU
		{A24E6EC7-6A4D-43D9-B778-384A82EC9539}.AppStore|iPhoneSimulator.Build.0 = Debug|Any CPU
		{A24E6EC7-6A4D-43D9-B778-384A82EC9539}.AppStore|x64.ActiveCfg = Debug|Any CPU
		{A24E6EC7-6A4D-43D9-B778-384A82EC9539}.AppStore|x64.Build.0 = Debug|Any CPU
		{A24E6EC7-6A4D-43D9-B778-384A82EC9539}.AppStore|x86.ActiveCfg = Debug|Any CPU
		{A24E6EC7-6A4D-43D9-B778-384A82EC9539}.AppStore|x86.Build.0 = Debug|Any CPU
		{A24E6EC7-6A4D-43D9-B778-384A82EC9539}.Debug|Any CPU.ActiveCfg = Debug|Any CPU
		{A24E6EC7-6A4D-43D9-B778-384A82EC9539}.Debug|Any CPU.Build.0 = Debug|Any CPU
		{A24E6EC7-6A4D-43D9-B778-384A82EC9539}.Debug|ARM.ActiveCfg = Debug|Any CPU
		{A24E6EC7-6A4D-43D9-B778-384A82EC9539}.Debug|ARM.Build.0 = Debug|Any CPU
		{A24E6EC7-6A4D-43D9-B778-384A82EC9539}.Debug|iPhone.ActiveCfg = Debug|Any CPU
		{A24E6EC7-6A4D-43D9-B778-384A82EC9539}.Debug|iPhone.Build.0 = Debug|Any CPU
		{A24E6EC7-6A4D-43D9-B778-384A82EC9539}.Debug|iPhoneSimulator.ActiveCfg = Debug|Any CPU
		{A24E6EC7-6A4D-43D9-B778-384A82EC9539}.Debug|iPhoneSimulator.Build.0 = Debug|Any CPU
		{A24E6EC7-6A4D-43D9-B778-384A82EC9539}.Debug|x64.ActiveCfg = Debug|Any CPU
		{A24E6EC7-6A4D-43D9-B778-384A82EC9539}.Debug|x64.Build.0 = Debug|Any CPU
		{A24E6EC7-6A4D-43D9-B778-384A82EC9539}.Debug|x86.ActiveCfg = Debug|Any CPU
		{A24E6EC7-6A4D-43D9-B778-384A82EC9539}.Debug|x86.Build.0 = Debug|Any CPU
		{A24E6EC7-6A4D-43D9-B778-384A82EC9539}.Release|Any CPU.ActiveCfg = Release|Any CPU
		{A24E6EC7-6A4D-43D9-B778-384A82EC9539}.Release|Any CPU.Build.0 = Release|Any CPU
		{A24E6EC7-6A4D-43D9-B778-384A82EC9539}.Release|ARM.ActiveCfg = Release|Any CPU
		{A24E6EC7-6A4D-43D9-B778-384A82EC9539}.Release|ARM.Build.0 = Release|Any CPU
		{A24E6EC7-6A4D-43D9-B778-384A82EC9539}.Release|iPhone.ActiveCfg = Release|Any CPU
		{A24E6EC7-6A4D-43D9-B778-384A82EC9539}.Release|iPhone.Build.0 = Release|Any CPU
		{A24E6EC7-6A4D-43D9-B778-384A82EC9539}.Release|iPhoneSimulator.ActiveCfg = Release|Any CPU
		{A24E6EC7-6A4D-43D9-B778-384A82EC9539}.Release|iPhoneSimulator.Build.0 = Release|Any CPU
		{A24E6EC7-6A4D-43D9-B778-384A82EC9539}.Release|x64.ActiveCfg = Release|Any CPU
		{A24E6EC7-6A4D-43D9-B778-384A82EC9539}.Release|x64.Build.0 = Release|Any CPU
		{A24E6EC7-6A4D-43D9-B778-384A82EC9539}.Release|x86.ActiveCfg = Release|Any CPU
		{A24E6EC7-6A4D-43D9-B778-384A82EC9539}.Release|x86.Build.0 = Release|Any CPU
		{5F650AD7-80B2-475A-BD8A-49C926C19987}.Ad-Hoc|Any CPU.ActiveCfg = Ad-Hoc|iPhone
		{5F650AD7-80B2-475A-BD8A-49C926C19987}.Ad-Hoc|ARM.ActiveCfg = Ad-Hoc|iPhone
		{5F650AD7-80B2-475A-BD8A-49C926C19987}.Ad-Hoc|iPhone.ActiveCfg = Ad-Hoc|iPhone
		{5F650AD7-80B2-475A-BD8A-49C926C19987}.Ad-Hoc|iPhone.Build.0 = Ad-Hoc|iPhone
		{5F650AD7-80B2-475A-BD8A-49C926C19987}.Ad-Hoc|iPhoneSimulator.ActiveCfg = Ad-Hoc|iPhoneSimulator
		{5F650AD7-80B2-475A-BD8A-49C926C19987}.Ad-Hoc|iPhoneSimulator.Build.0 = Ad-Hoc|iPhoneSimulator
		{5F650AD7-80B2-475A-BD8A-49C926C19987}.Ad-Hoc|x64.ActiveCfg = Ad-Hoc|iPhone
		{5F650AD7-80B2-475A-BD8A-49C926C19987}.Ad-Hoc|x86.ActiveCfg = Ad-Hoc|iPhone
		{5F650AD7-80B2-475A-BD8A-49C926C19987}.AppStore|Any CPU.ActiveCfg = AppStore|iPhone
		{5F650AD7-80B2-475A-BD8A-49C926C19987}.AppStore|ARM.ActiveCfg = AppStore|iPhone
		{5F650AD7-80B2-475A-BD8A-49C926C19987}.AppStore|iPhone.ActiveCfg = AppStore|iPhone
		{5F650AD7-80B2-475A-BD8A-49C926C19987}.AppStore|iPhone.Build.0 = AppStore|iPhone
		{5F650AD7-80B2-475A-BD8A-49C926C19987}.AppStore|iPhoneSimulator.ActiveCfg = AppStore|iPhoneSimulator
		{5F650AD7-80B2-475A-BD8A-49C926C19987}.AppStore|iPhoneSimulator.Build.0 = AppStore|iPhoneSimulator
		{5F650AD7-80B2-475A-BD8A-49C926C19987}.AppStore|x64.ActiveCfg = AppStore|iPhone
		{5F650AD7-80B2-475A-BD8A-49C926C19987}.AppStore|x86.ActiveCfg = AppStore|iPhone
		{5F650AD7-80B2-475A-BD8A-49C926C19987}.Debug|Any CPU.ActiveCfg = Debug|iPhone
		{5F650AD7-80B2-475A-BD8A-49C926C19987}.Debug|ARM.ActiveCfg = Debug|iPhone
		{5F650AD7-80B2-475A-BD8A-49C926C19987}.Debug|iPhone.ActiveCfg = Debug|iPhone
		{5F650AD7-80B2-475A-BD8A-49C926C19987}.Debug|iPhone.Build.0 = Debug|iPhone
		{5F650AD7-80B2-475A-BD8A-49C926C19987}.Debug|iPhoneSimulator.ActiveCfg = Debug|iPhoneSimulator
		{5F650AD7-80B2-475A-BD8A-49C926C19987}.Debug|iPhoneSimulator.Build.0 = Debug|iPhoneSimulator
		{5F650AD7-80B2-475A-BD8A-49C926C19987}.Debug|x64.ActiveCfg = Debug|iPhone
		{5F650AD7-80B2-475A-BD8A-49C926C19987}.Debug|x86.ActiveCfg = Debug|iPhone
		{5F650AD7-80B2-475A-BD8A-49C926C19987}.Release|Any CPU.ActiveCfg = Release|iPhone
		{5F650AD7-80B2-475A-BD8A-49C926C19987}.Release|ARM.ActiveCfg = Release|iPhone
		{5F650AD7-80B2-475A-BD8A-49C926C19987}.Release|iPhone.ActiveCfg = Release|iPhone
		{5F650AD7-80B2-475A-BD8A-49C926C19987}.Release|iPhone.Build.0 = Release|iPhone
		{5F650AD7-80B2-475A-BD8A-49C926C19987}.Release|iPhoneSimulator.ActiveCfg = Release|iPhoneSimulator
		{5F650AD7-80B2-475A-BD8A-49C926C19987}.Release|iPhoneSimulator.Build.0 = Release|iPhoneSimulator
		{5F650AD7-80B2-475A-BD8A-49C926C19987}.Release|x64.ActiveCfg = Release|iPhone
		{5F650AD7-80B2-475A-BD8A-49C926C19987}.Release|x86.ActiveCfg = Release|iPhone
		{84743294-15BF-4049-86F3-EA69F60B97FB}.Ad-Hoc|Any CPU.ActiveCfg = Release|Any CPU
		{84743294-15BF-4049-86F3-EA69F60B97FB}.Ad-Hoc|Any CPU.Build.0 = Release|Any CPU
		{84743294-15BF-4049-86F3-EA69F60B97FB}.Ad-Hoc|Any CPU.Deploy.0 = Release|Any CPU
		{84743294-15BF-4049-86F3-EA69F60B97FB}.Ad-Hoc|ARM.ActiveCfg = Release|Any CPU
		{84743294-15BF-4049-86F3-EA69F60B97FB}.Ad-Hoc|ARM.Build.0 = Release|Any CPU
		{84743294-15BF-4049-86F3-EA69F60B97FB}.Ad-Hoc|ARM.Deploy.0 = Release|Any CPU
		{84743294-15BF-4049-86F3-EA69F60B97FB}.Ad-Hoc|iPhone.ActiveCfg = Release|Any CPU
		{84743294-15BF-4049-86F3-EA69F60B97FB}.Ad-Hoc|iPhone.Build.0 = Release|Any CPU
		{84743294-15BF-4049-86F3-EA69F60B97FB}.Ad-Hoc|iPhone.Deploy.0 = Release|Any CPU
		{84743294-15BF-4049-86F3-EA69F60B97FB}.Ad-Hoc|iPhoneSimulator.ActiveCfg = Release|Any CPU
		{84743294-15BF-4049-86F3-EA69F60B97FB}.Ad-Hoc|iPhoneSimulator.Build.0 = Release|Any CPU
		{84743294-15BF-4049-86F3-EA69F60B97FB}.Ad-Hoc|iPhoneSimulator.Deploy.0 = Release|Any CPU
		{84743294-15BF-4049-86F3-EA69F60B97FB}.Ad-Hoc|x64.ActiveCfg = Release|Any CPU
		{84743294-15BF-4049-86F3-EA69F60B97FB}.Ad-Hoc|x64.Build.0 = Release|Any CPU
		{84743294-15BF-4049-86F3-EA69F60B97FB}.Ad-Hoc|x64.Deploy.0 = Release|Any CPU
		{84743294-15BF-4049-86F3-EA69F60B97FB}.Ad-Hoc|x86.ActiveCfg = Release|Any CPU
		{84743294-15BF-4049-86F3-EA69F60B97FB}.Ad-Hoc|x86.Build.0 = Release|Any CPU
		{84743294-15BF-4049-86F3-EA69F60B97FB}.Ad-Hoc|x86.Deploy.0 = Release|Any CPU
		{84743294-15BF-4049-86F3-EA69F60B97FB}.AppStore|Any CPU.ActiveCfg = Release|Any CPU
		{84743294-15BF-4049-86F3-EA69F60B97FB}.AppStore|Any CPU.Build.0 = Release|Any CPU
		{84743294-15BF-4049-86F3-EA69F60B97FB}.AppStore|Any CPU.Deploy.0 = Release|Any CPU
		{84743294-15BF-4049-86F3-EA69F60B97FB}.AppStore|ARM.ActiveCfg = Release|Any CPU
		{84743294-15BF-4049-86F3-EA69F60B97FB}.AppStore|ARM.Build.0 = Release|Any CPU
		{84743294-15BF-4049-86F3-EA69F60B97FB}.AppStore|ARM.Deploy.0 = Release|Any CPU
		{84743294-15BF-4049-86F3-EA69F60B97FB}.AppStore|iPhone.ActiveCfg = Release|Any CPU
		{84743294-15BF-4049-86F3-EA69F60B97FB}.AppStore|iPhone.Build.0 = Release|Any CPU
		{84743294-15BF-4049-86F3-EA69F60B97FB}.AppStore|iPhone.Deploy.0 = Release|Any CPU
		{84743294-15BF-4049-86F3-EA69F60B97FB}.AppStore|iPhoneSimulator.ActiveCfg = Release|Any CPU
		{84743294-15BF-4049-86F3-EA69F60B97FB}.AppStore|iPhoneSimulator.Build.0 = Release|Any CPU
		{84743294-15BF-4049-86F3-EA69F60B97FB}.AppStore|iPhoneSimulator.Deploy.0 = Release|Any CPU
		{84743294-15BF-4049-86F3-EA69F60B97FB}.AppStore|x64.ActiveCfg = Release|Any CPU
		{84743294-15BF-4049-86F3-EA69F60B97FB}.AppStore|x64.Build.0 = Release|Any CPU
		{84743294-15BF-4049-86F3-EA69F60B97FB}.AppStore|x64.Deploy.0 = Release|Any CPU
		{84743294-15BF-4049-86F3-EA69F60B97FB}.AppStore|x86.ActiveCfg = Release|Any CPU
		{84743294-15BF-4049-86F3-EA69F60B97FB}.AppStore|x86.Build.0 = Release|Any CPU
		{84743294-15BF-4049-86F3-EA69F60B97FB}.AppStore|x86.Deploy.0 = Release|Any CPU
		{84743294-15BF-4049-86F3-EA69F60B97FB}.Debug|Any CPU.ActiveCfg = Debug|Any CPU
		{84743294-15BF-4049-86F3-EA69F60B97FB}.Debug|Any CPU.Build.0 = Debug|Any CPU
		{84743294-15BF-4049-86F3-EA69F60B97FB}.Debug|Any CPU.Deploy.0 = Debug|Any CPU
		{84743294-15BF-4049-86F3-EA69F60B97FB}.Debug|ARM.ActiveCfg = Debug|Any CPU
		{84743294-15BF-4049-86F3-EA69F60B97FB}.Debug|ARM.Build.0 = Debug|Any CPU
		{84743294-15BF-4049-86F3-EA69F60B97FB}.Debug|ARM.Deploy.0 = Debug|Any CPU
		{84743294-15BF-4049-86F3-EA69F60B97FB}.Debug|iPhone.ActiveCfg = Debug|Any CPU
		{84743294-15BF-4049-86F3-EA69F60B97FB}.Debug|iPhone.Build.0 = Debug|Any CPU
		{84743294-15BF-4049-86F3-EA69F60B97FB}.Debug|iPhone.Deploy.0 = Debug|Any CPU
		{84743294-15BF-4049-86F3-EA69F60B97FB}.Debug|iPhoneSimulator.ActiveCfg = Debug|Any CPU
		{84743294-15BF-4049-86F3-EA69F60B97FB}.Debug|iPhoneSimulator.Build.0 = Debug|Any CPU
		{84743294-15BF-4049-86F3-EA69F60B97FB}.Debug|iPhoneSimulator.Deploy.0 = Debug|Any CPU
		{84743294-15BF-4049-86F3-EA69F60B97FB}.Debug|x64.ActiveCfg = Debug|Any CPU
		{84743294-15BF-4049-86F3-EA69F60B97FB}.Debug|x64.Build.0 = Debug|Any CPU
		{84743294-15BF-4049-86F3-EA69F60B97FB}.Debug|x64.Deploy.0 = Debug|Any CPU
		{84743294-15BF-4049-86F3-EA69F60B97FB}.Debug|x86.ActiveCfg = Debug|Any CPU
		{84743294-15BF-4049-86F3-EA69F60B97FB}.Debug|x86.Build.0 = Debug|Any CPU
		{84743294-15BF-4049-86F3-EA69F60B97FB}.Debug|x86.Deploy.0 = Debug|Any CPU
		{84743294-15BF-4049-86F3-EA69F60B97FB}.Release|Any CPU.ActiveCfg = Release|Any CPU
		{84743294-15BF-4049-86F3-EA69F60B97FB}.Release|Any CPU.Build.0 = Release|Any CPU
		{84743294-15BF-4049-86F3-EA69F60B97FB}.Release|Any CPU.Deploy.0 = Release|Any CPU
		{84743294-15BF-4049-86F3-EA69F60B97FB}.Release|ARM.ActiveCfg = Release|Any CPU
		{84743294-15BF-4049-86F3-EA69F60B97FB}.Release|ARM.Build.0 = Release|Any CPU
		{84743294-15BF-4049-86F3-EA69F60B97FB}.Release|ARM.Deploy.0 = Release|Any CPU
		{84743294-15BF-4049-86F3-EA69F60B97FB}.Release|iPhone.ActiveCfg = Release|Any CPU
		{84743294-15BF-4049-86F3-EA69F60B97FB}.Release|iPhone.Build.0 = Release|Any CPU
		{84743294-15BF-4049-86F3-EA69F60B97FB}.Release|iPhone.Deploy.0 = Release|Any CPU
		{84743294-15BF-4049-86F3-EA69F60B97FB}.Release|iPhoneSimulator.ActiveCfg = Release|Any CPU
		{84743294-15BF-4049-86F3-EA69F60B97FB}.Release|iPhoneSimulator.Build.0 = Release|Any CPU
		{84743294-15BF-4049-86F3-EA69F60B97FB}.Release|iPhoneSimulator.Deploy.0 = Release|Any CPU
		{84743294-15BF-4049-86F3-EA69F60B97FB}.Release|x64.ActiveCfg = Release|Any CPU
		{84743294-15BF-4049-86F3-EA69F60B97FB}.Release|x64.Build.0 = Release|Any CPU
		{84743294-15BF-4049-86F3-EA69F60B97FB}.Release|x64.Deploy.0 = Release|Any CPU
		{84743294-15BF-4049-86F3-EA69F60B97FB}.Release|x86.ActiveCfg = Release|Any CPU
		{84743294-15BF-4049-86F3-EA69F60B97FB}.Release|x86.Build.0 = Release|Any CPU
		{84743294-15BF-4049-86F3-EA69F60B97FB}.Release|x86.Deploy.0 = Release|Any CPU
		{7FD79810-0003-48C2-B879-E70B077FE297}.Ad-Hoc|Any CPU.ActiveCfg = Release|x86
		{7FD79810-0003-48C2-B879-E70B077FE297}.Ad-Hoc|Any CPU.Build.0 = Release|x86
		{7FD79810-0003-48C2-B879-E70B077FE297}.Ad-Hoc|Any CPU.Deploy.0 = Release|x86
		{7FD79810-0003-48C2-B879-E70B077FE297}.Ad-Hoc|ARM.ActiveCfg = Release|ARM
		{7FD79810-0003-48C2-B879-E70B077FE297}.Ad-Hoc|ARM.Build.0 = Release|ARM
		{7FD79810-0003-48C2-B879-E70B077FE297}.Ad-Hoc|ARM.Deploy.0 = Release|ARM
		{7FD79810-0003-48C2-B879-E70B077FE297}.Ad-Hoc|iPhone.ActiveCfg = Release|x86
		{7FD79810-0003-48C2-B879-E70B077FE297}.Ad-Hoc|iPhone.Build.0 = Release|x86
		{7FD79810-0003-48C2-B879-E70B077FE297}.Ad-Hoc|iPhone.Deploy.0 = Release|x86
		{7FD79810-0003-48C2-B879-E70B077FE297}.Ad-Hoc|iPhoneSimulator.ActiveCfg = Release|x86
		{7FD79810-0003-48C2-B879-E70B077FE297}.Ad-Hoc|iPhoneSimulator.Build.0 = Release|x86
		{7FD79810-0003-48C2-B879-E70B077FE297}.Ad-Hoc|iPhoneSimulator.Deploy.0 = Release|x86
		{7FD79810-0003-48C2-B879-E70B077FE297}.Ad-Hoc|x64.ActiveCfg = Release|x64
		{7FD79810-0003-48C2-B879-E70B077FE297}.Ad-Hoc|x64.Build.0 = Release|x64
		{7FD79810-0003-48C2-B879-E70B077FE297}.Ad-Hoc|x64.Deploy.0 = Release|x64
		{7FD79810-0003-48C2-B879-E70B077FE297}.Ad-Hoc|x86.ActiveCfg = Release|x86
		{7FD79810-0003-48C2-B879-E70B077FE297}.Ad-Hoc|x86.Build.0 = Release|x86
		{7FD79810-0003-48C2-B879-E70B077FE297}.Ad-Hoc|x86.Deploy.0 = Release|x86
		{7FD79810-0003-48C2-B879-E70B077FE297}.AppStore|Any CPU.ActiveCfg = Release|x86
		{7FD79810-0003-48C2-B879-E70B077FE297}.AppStore|Any CPU.Build.0 = Release|x86
		{7FD79810-0003-48C2-B879-E70B077FE297}.AppStore|Any CPU.Deploy.0 = Release|x86
		{7FD79810-0003-48C2-B879-E70B077FE297}.AppStore|ARM.ActiveCfg = Release|ARM
		{7FD79810-0003-48C2-B879-E70B077FE297}.AppStore|ARM.Build.0 = Release|ARM
		{7FD79810-0003-48C2-B879-E70B077FE297}.AppStore|ARM.Deploy.0 = Release|ARM
		{7FD79810-0003-48C2-B879-E70B077FE297}.AppStore|iPhone.ActiveCfg = Release|x86
		{7FD79810-0003-48C2-B879-E70B077FE297}.AppStore|iPhone.Build.0 = Release|x86
		{7FD79810-0003-48C2-B879-E70B077FE297}.AppStore|iPhone.Deploy.0 = Release|x86
		{7FD79810-0003-48C2-B879-E70B077FE297}.AppStore|iPhoneSimulator.ActiveCfg = Release|x86
		{7FD79810-0003-48C2-B879-E70B077FE297}.AppStore|iPhoneSimulator.Build.0 = Release|x86
		{7FD79810-0003-48C2-B879-E70B077FE297}.AppStore|iPhoneSimulator.Deploy.0 = Release|x86
		{7FD79810-0003-48C2-B879-E70B077FE297}.AppStore|x64.ActiveCfg = Release|x64
		{7FD79810-0003-48C2-B879-E70B077FE297}.AppStore|x64.Build.0 = Release|x64
		{7FD79810-0003-48C2-B879-E70B077FE297}.AppStore|x64.Deploy.0 = Release|x64
		{7FD79810-0003-48C2-B879-E70B077FE297}.AppStore|x86.ActiveCfg = Release|x86
		{7FD79810-0003-48C2-B879-E70B077FE297}.AppStore|x86.Build.0 = Release|x86
		{7FD79810-0003-48C2-B879-E70B077FE297}.AppStore|x86.Deploy.0 = Release|x86
		{7FD79810-0003-48C2-B879-E70B077FE297}.Debug|Any CPU.ActiveCfg = Debug|x86
		{7FD79810-0003-48C2-B879-E70B077FE297}.Debug|ARM.ActiveCfg = Debug|ARM
		{7FD79810-0003-48C2-B879-E70B077FE297}.Debug|ARM.Build.0 = Debug|ARM
		{7FD79810-0003-48C2-B879-E70B077FE297}.Debug|ARM.Deploy.0 = Debug|ARM
		{7FD79810-0003-48C2-B879-E70B077FE297}.Debug|iPhone.ActiveCfg = Debug|x86
		{7FD79810-0003-48C2-B879-E70B077FE297}.Debug|iPhoneSimulator.ActiveCfg = Debug|x86
		{7FD79810-0003-48C2-B879-E70B077FE297}.Debug|x64.ActiveCfg = Debug|x64
		{7FD79810-0003-48C2-B879-E70B077FE297}.Debug|x64.Build.0 = Debug|x64
		{7FD79810-0003-48C2-B879-E70B077FE297}.Debug|x64.Deploy.0 = Debug|x64
		{7FD79810-0003-48C2-B879-E70B077FE297}.Debug|x86.ActiveCfg = Debug|x86
		{7FD79810-0003-48C2-B879-E70B077FE297}.Debug|x86.Build.0 = Debug|x86
		{7FD79810-0003-48C2-B879-E70B077FE297}.Debug|x86.Deploy.0 = Debug|x86
		{7FD79810-0003-48C2-B879-E70B077FE297}.Release|Any CPU.ActiveCfg = Release|x86
		{7FD79810-0003-48C2-B879-E70B077FE297}.Release|ARM.ActiveCfg = Release|ARM
		{7FD79810-0003-48C2-B879-E70B077FE297}.Release|ARM.Build.0 = Release|ARM
		{7FD79810-0003-48C2-B879-E70B077FE297}.Release|ARM.Deploy.0 = Release|ARM
		{7FD79810-0003-48C2-B879-E70B077FE297}.Release|iPhone.ActiveCfg = Release|x86
		{7FD79810-0003-48C2-B879-E70B077FE297}.Release|iPhoneSimulator.ActiveCfg = Release|x86
		{7FD79810-0003-48C2-B879-E70B077FE297}.Release|x64.ActiveCfg = Release|x64
		{7FD79810-0003-48C2-B879-E70B077FE297}.Release|x64.Build.0 = Release|x64
		{7FD79810-0003-48C2-B879-E70B077FE297}.Release|x64.Deploy.0 = Release|x64
		{7FD79810-0003-48C2-B879-E70B077FE297}.Release|x86.ActiveCfg = Release|x86
		{7FD79810-0003-48C2-B879-E70B077FE297}.Release|x86.Build.0 = Release|x86
		{7FD79810-0003-48C2-B879-E70B077FE297}.Release|x86.Deploy.0 = Release|x86
	EndGlobalSection
	GlobalSection(SolutionProperties) = preSolution
		HideSolutionNode = FALSE
	EndGlobalSection
	GlobalSection(ExtensibilityGlobals) = postSolution
		SolutionGuid = {F6D05029-56B8-4E45-AF2D-0E76295DDBA2}
	EndGlobalSection
EndGlobal
